{
  "object": {
    "pins": [
      {
        "package": "Monoid",
        "repositoryURL": "https://github.com/pointfreeco/swift-algebras",
        "state": {
          "branch": "monoid",
          "revision": "542267d903c8f745994555b890a2c3c54acfb256",
          "version": null
        }
      },
      {
        "package": "SnapshotTesting",
        "repositoryURL": "https://github.com/pointfreeco/swift-snapshot-testing.git",
        "state": {
          "branch": "0ea1b40",
          "revision": "0ea1b40921766767856790fae046f57ce489b922",
          "version": null
        }
      }
    ]
  },
  "version": 1
}
