// !$*UTF8*$!
{
   archiveVersion = "1";
   objectVersion = "46";
   objects = {
      "Monoid::Monoid" = {
         isa = "PBXNativeTarget";
         buildConfigurationList = "OBJ_66";
         buildPhases = (
            "OBJ_69",
            "OBJ_87"
         );
         dependencies = (
         );
         name = "Monoid";
         productName = "Monoid";
         productReference = "Monoid::Monoid::Product";
         productType = "com.apple.product-type.framework";
      };
      "Monoid::Monoid::Product" = {
         isa = "PBXFileReference";
         path = "Monoid.framework";
         sourceTree = "BUILT_PRODUCTS_DIR";
      };
      "Monoid::SwiftPMPackageDescription" = {
         isa = "PBXNativeTarget";
         buildConfigurationList = "OBJ_89";
         buildPhases = (
            "OBJ_92"
         );
         dependencies = (
         );
         name = "MonoidPackageDescription";
         productName = "MonoidPackageDescription";
         productType = "com.apple.product-type.framework";
      };
      "OBJ_1" = {
         isa = "PBXProject";
         attributes = {
            LastSwiftMigration = "9999";
            LastUpgradeCheck = "9999";
         };
         buildConfigurationList = "OBJ_2";
         compatibilityVersion = "Xcode 3.2";
         developmentRegion = "en";
         hasScannedForEncodings = "0";
         knownRegions = (
            "en"
         );
         mainGroup = "OBJ_5";
         productRefGroup = "OBJ_52";
         projectDirPath = ".";
         targets = (
            "Monoid::Monoid",
            "Monoid::SwiftPMPackageDescription",
            "ParserPrinter::SwiftPMPackageDescription",
            "ParserPrinter::ParserPrinterPackageTests::ProductTarget",
            "ParserPrinter::PartialIso",
            "ParserPrinter::PartialIsoTests",
            "ParserPrinter::Syntax",
            "ParserPrinter::SyntaxTests",
            "ParserPrinter::URLRequestRouter",
            "ParserPrinter::URLRequestRouterTests"
         );
      };
      "OBJ_10" = {
         isa = "PBXFileReference";
         path = "Flatten.swift";
         sourceTree = "<group>";
      };
      "OBJ_101" = {
         isa = "XCConfigurationList";
         buildConfigurations = (
            "OBJ_102",
            "OBJ_103"
         );
         defaultConfigurationIsVisible = "0";
         defaultConfigurationName = "Release";
      };
      "OBJ_102" = {
         isa = "XCBuildConfiguration";
         buildSettings = {
         };
         name = "Debug";
      };
      "OBJ_103" = {
         isa = "XCBuildConfiguration";
         buildSettings = {
         };
         name = "Release";
      };
      "OBJ_104" = {
         isa = "PBXTargetDependency";
         target = "ParserPrinter::URLRequestRouterTests";
      };
      "OBJ_106" = {
         isa = "PBXTargetDependency";
         target = "ParserPrinter::PartialIsoTests";
      };
      "OBJ_108" = {
         isa = "PBXTargetDependency";
         target = "ParserPrinter::SyntaxTests";
      };
      "OBJ_11" = {
         isa = "PBXFileReference";
         path = "PartialIso.swift";
         sourceTree = "<group>";
      };
      "OBJ_111" = {
         isa = "XCConfigurationList";
         buildConfigurations = (
            "OBJ_112",
            "OBJ_113"
         );
         defaultConfigurationIsVisible = "0";
         defaultConfigurationName = "Release";
      };
      "OBJ_112" = {
         isa = "XCBuildConfiguration";
         buildSettings = {
            ENABLE_TESTABILITY = "YES";
            FRAMEWORK_SEARCH_PATHS = (
               "$(inherited)",
               "$(PLATFORM_DIR)/Developer/Library/Frameworks"
            );
            HEADER_SEARCH_PATHS = (
               "$(inherited)"
            );
            INFOPLIST_FILE = "ParserPrinter.xcodeproj/PartialIso_Info.plist";
            LD_RUNPATH_SEARCH_PATHS = (
               "$(inherited)",
               "$(TOOLCHAIN_DIR)/usr/lib/swift/macosx"
            );
            OTHER_CFLAGS = (
               "$(inherited)"
            );
            OTHER_LDFLAGS = (
               "$(inherited)"
            );
            OTHER_SWIFT_FLAGS = (
               "$(inherited)"
            );
            PRODUCT_BUNDLE_IDENTIFIER = "PartialIso";
            PRODUCT_MODULE_NAME = "$(TARGET_NAME:c99extidentifier)";
            PRODUCT_NAME = "$(TARGET_NAME:c99extidentifier)";
            SKIP_INSTALL = "YES";
            SWIFT_ACTIVE_COMPILATION_CONDITIONS = (
               "$(inherited)"
            );
            SWIFT_VERSION = "4.2";
            TARGET_NAME = "PartialIso";
         };
         name = "Debug";
      };
      "OBJ_113" = {
         isa = "XCBuildConfiguration";
         buildSettings = {
            ENABLE_TESTABILITY = "YES";
            FRAMEWORK_SEARCH_PATHS = (
               "$(inherited)",
               "$(PLATFORM_DIR)/Developer/Library/Frameworks"
            );
            HEADER_SEARCH_PATHS = (
               "$(inherited)"
            );
            INFOPLIST_FILE = "ParserPrinter.xcodeproj/PartialIso_Info.plist";
            LD_RUNPATH_SEARCH_PATHS = (
               "$(inherited)",
               "$(TOOLCHAIN_DIR)/usr/lib/swift/macosx"
            );
            OTHER_CFLAGS = (
               "$(inherited)"
            );
            OTHER_LDFLAGS = (
               "$(inherited)"
            );
            OTHER_SWIFT_FLAGS = (
               "$(inherited)"
            );
            PRODUCT_BUNDLE_IDENTIFIER = "PartialIso";
            PRODUCT_MODULE_NAME = "$(TARGET_NAME:c99extidentifier)";
            PRODUCT_NAME = "$(TARGET_NAME:c99extidentifier)";
            SKIP_INSTALL = "YES";
            SWIFT_ACTIVE_COMPILATION_CONDITIONS = (
               "$(inherited)"
            );
            SWIFT_VERSION = "4.2";
            TARGET_NAME = "PartialIso";
         };
         name = "Release";
      };
      "OBJ_114" = {
         isa = "PBXSourcesBuildPhase";
         files = (
            "OBJ_115",
            "OBJ_116",
            "OBJ_117"
         );
      };
      "OBJ_115" = {
         isa = "PBXBuildFile";
         fileRef = "OBJ_9";
      };
      "OBJ_116" = {
         isa = "PBXBuildFile";
         fileRef = "OBJ_10";
      };
      "OBJ_117" = {
         isa = "PBXBuildFile";
         fileRef = "OBJ_11";
      };
      "OBJ_118" = {
         isa = "PBXFrameworksBuildPhase";
         files = (
         );
      };
      "OBJ_119" = {
         isa = "XCConfigurationList";
         buildConfigurations = (
            "OBJ_120",
            "OBJ_121"
         );
         defaultConfigurationIsVisible = "0";
         defaultConfigurationName = "Release";
      };
      "OBJ_12" = {
         isa = "PBXGroup";
         children = (
            "OBJ_13",
            "OBJ_14",
            "OBJ_15"
         );
         name = "Syntax";
         path = "Sources/Syntax";
         sourceTree = "SOURCE_ROOT";
      };
      "OBJ_120" = {
         isa = "XCBuildConfiguration";
         buildSettings = {
            CLANG_ENABLE_MODULES = "YES";
            EMBEDDED_CONTENT_CONTAINS_SWIFT = "YES";
            FRAMEWORK_SEARCH_PATHS = (
               "$(inherited)",
               "$(PLATFORM_DIR)/Developer/Library/Frameworks"
            );
            HEADER_SEARCH_PATHS = (
               "$(inherited)"
            );
            INFOPLIST_FILE = "ParserPrinter.xcodeproj/PartialIsoTests_Info.plist";
            LD_RUNPATH_SEARCH_PATHS = (
               "$(inherited)",
               "@loader_path/../Frameworks",
               "@loader_path/Frameworks"
            );
            OTHER_CFLAGS = (
               "$(inherited)"
            );
            OTHER_LDFLAGS = (
               "$(inherited)"
            );
            OTHER_SWIFT_FLAGS = (
               "$(inherited)"
            );
            SWIFT_ACTIVE_COMPILATION_CONDITIONS = (
               "$(inherited)"
            );
            SWIFT_VERSION = "4.2";
            TARGET_NAME = "PartialIsoTests";
         };
         name = "Debug";
      };
      "OBJ_121" = {
         isa = "XCBuildConfiguration";
         buildSettings = {
            CLANG_ENABLE_MODULES = "YES";
            EMBEDDED_CONTENT_CONTAINS_SWIFT = "YES";
            FRAMEWORK_SEARCH_PATHS = (
               "$(inherited)",
               "$(PLATFORM_DIR)/Developer/Library/Frameworks"
            );
            HEADER_SEARCH_PATHS = (
               "$(inherited)"
            );
            INFOPLIST_FILE = "ParserPrinter.xcodeproj/PartialIsoTests_Info.plist";
            LD_RUNPATH_SEARCH_PATHS = (
               "$(inherited)",
               "@loader_path/../Frameworks",
               "@loader_path/Frameworks"
            );
            OTHER_CFLAGS = (
               "$(inherited)"
            );
            OTHER_LDFLAGS = (
               "$(inherited)"
            );
            OTHER_SWIFT_FLAGS = (
               "$(inherited)"
            );
            SWIFT_ACTIVE_COMPILATION_CONDITIONS = (
               "$(inherited)"
            );
            SWIFT_VERSION = "4.2";
            TARGET_NAME = "PartialIsoTests";
         };
         name = "Release";
      };
      "OBJ_122" = {
         isa = "PBXSourcesBuildPhase";
         files = (
            "OBJ_123",
            "OBJ_124"
         );
      };
      "OBJ_123" = {
         isa = "PBXBuildFile";
         fileRef = "OBJ_21";
      };
      "OBJ_124" = {
         isa = "PBXBuildFile";
         fileRef = "OBJ_22";
      };
      "OBJ_125" = {
         isa = "PBXFrameworksBuildPhase";
         files = (
            "OBJ_126"
         );
      };
      "OBJ_126" = {
         isa = "PBXBuildFile";
         fileRef = "ParserPrinter::PartialIso::Product";
      };
      "OBJ_127" = {
         isa = "PBXTargetDependency";
         target = "ParserPrinter::PartialIso";
      };
      "OBJ_129" = {
         isa = "XCConfigurationList";
         buildConfigurations = (
            "OBJ_130",
            "OBJ_131"
         );
         defaultConfigurationIsVisible = "0";
         defaultConfigurationName = "Release";
      };
      "OBJ_13" = {
         isa = "PBXFileReference";
         path = "Numeric.swift";
         sourceTree = "<group>";
      };
      "OBJ_130" = {
         isa = "XCBuildConfiguration";
         buildSettings = {
            ENABLE_TESTABILITY = "YES";
            FRAMEWORK_SEARCH_PATHS = (
               "$(inherited)",
               "$(PLATFORM_DIR)/Developer/Library/Frameworks"
            );
            HEADER_SEARCH_PATHS = (
               "$(inherited)"
            );
            INFOPLIST_FILE = "ParserPrinter.xcodeproj/Syntax_Info.plist";
            LD_RUNPATH_SEARCH_PATHS = (
               "$(inherited)",
               "$(TOOLCHAIN_DIR)/usr/lib/swift/macosx"
            );
            OTHER_CFLAGS = (
               "$(inherited)"
            );
            OTHER_LDFLAGS = (
               "$(inherited)"
            );
            OTHER_SWIFT_FLAGS = (
               "$(inherited)"
            );
            PRODUCT_BUNDLE_IDENTIFIER = "Syntax";
            PRODUCT_MODULE_NAME = "$(TARGET_NAME:c99extidentifier)";
            PRODUCT_NAME = "$(TARGET_NAME:c99extidentifier)";
            SKIP_INSTALL = "YES";
            SWIFT_ACTIVE_COMPILATION_CONDITIONS = (
               "$(inherited)"
            );
            SWIFT_VERSION = "4.2";
            TARGET_NAME = "Syntax";
         };
         name = "Debug";
      };
      "OBJ_131" = {
         isa = "XCBuildConfiguration";
         buildSettings = {
            ENABLE_TESTABILITY = "YES";
            FRAMEWORK_SEARCH_PATHS = (
               "$(inherited)",
               "$(PLATFORM_DIR)/Developer/Library/Frameworks"
            );
            HEADER_SEARCH_PATHS = (
               "$(inherited)"
            );
            INFOPLIST_FILE = "ParserPrinter.xcodeproj/Syntax_Info.plist";
            LD_RUNPATH_SEARCH_PATHS = (
               "$(inherited)",
               "$(TOOLCHAIN_DIR)/usr/lib/swift/macosx"
            );
            OTHER_CFLAGS = (
               "$(inherited)"
            );
            OTHER_LDFLAGS = (
               "$(inherited)"
            );
            OTHER_SWIFT_FLAGS = (
               "$(inherited)"
            );
            PRODUCT_BUNDLE_IDENTIFIER = "Syntax";
            PRODUCT_MODULE_NAME = "$(TARGET_NAME:c99extidentifier)";
            PRODUCT_NAME = "$(TARGET_NAME:c99extidentifier)";
            SKIP_INSTALL = "YES";
            SWIFT_ACTIVE_COMPILATION_CONDITIONS = (
               "$(inherited)"
            );
            SWIFT_VERSION = "4.2";
            TARGET_NAME = "Syntax";
         };
         name = "Release";
      };
      "OBJ_132" = {
         isa = "PBXSourcesBuildPhase";
         files = (
            "OBJ_133",
            "OBJ_134",
            "OBJ_135"
         );
      };
      "OBJ_133" = {
         isa = "PBXBuildFile";
         fileRef = "OBJ_13";
      };
      "OBJ_134" = {
         isa = "PBXBuildFile";
         fileRef = "OBJ_14";
      };
      "OBJ_135" = {
         isa = "PBXBuildFile";
         fileRef = "OBJ_15";
      };
      "OBJ_136" = {
         isa = "PBXFrameworksBuildPhase";
         files = (
            "OBJ_137",
            "OBJ_138"
         );
      };
      "OBJ_137" = {
         isa = "PBXBuildFile";
         fileRef = "Monoid::Monoid::Product";
      };
      "OBJ_138" = {
         isa = "PBXBuildFile";
         fileRef = "ParserPrinter::PartialIso::Product";
      };
      "OBJ_139" = {
         isa = "PBXTargetDependency";
         target = "Monoid::Monoid";
      };
      "OBJ_14" = {
         isa = "PBXFileReference";
         path = "String.swift";
         sourceTree = "<group>";
      };
      "OBJ_140" = {
         isa = "PBXTargetDependency";
         target = "ParserPrinter::PartialIso";
      };
      "OBJ_141" = {
         isa = "XCConfigurationList";
         buildConfigurations = (
            "OBJ_142",
            "OBJ_143"
         );
         defaultConfigurationIsVisible = "0";
         defaultConfigurationName = "Release";
      };
      "OBJ_142" = {
         isa = "XCBuildConfiguration";
         buildSettings = {
            CLANG_ENABLE_MODULES = "YES";
            EMBEDDED_CONTENT_CONTAINS_SWIFT = "YES";
            FRAMEWORK_SEARCH_PATHS = (
               "$(inherited)",
               "$(PLATFORM_DIR)/Developer/Library/Frameworks"
            );
            HEADER_SEARCH_PATHS = (
               "$(inherited)"
            );
            INFOPLIST_FILE = "ParserPrinter.xcodeproj/SyntaxTests_Info.plist";
            LD_RUNPATH_SEARCH_PATHS = (
               "$(inherited)",
               "@loader_path/../Frameworks",
               "@loader_path/Frameworks"
            );
            OTHER_CFLAGS = (
               "$(inherited)"
            );
            OTHER_LDFLAGS = (
               "$(inherited)"
            );
            OTHER_SWIFT_FLAGS = (
               "$(inherited)"
            );
            SWIFT_ACTIVE_COMPILATION_CONDITIONS = (
               "$(inherited)"
            );
            SWIFT_VERSION = "4.2";
            TARGET_NAME = "SyntaxTests";
         };
         name = "Debug";
      };
      "OBJ_143" = {
         isa = "XCBuildConfiguration";
         buildSettings = {
            CLANG_ENABLE_MODULES = "YES";
            EMBEDDED_CONTENT_CONTAINS_SWIFT = "YES";
            FRAMEWORK_SEARCH_PATHS = (
               "$(inherited)",
               "$(PLATFORM_DIR)/Developer/Library/Frameworks"
            );
            HEADER_SEARCH_PATHS = (
               "$(inherited)"
            );
            INFOPLIST_FILE = "ParserPrinter.xcodeproj/SyntaxTests_Info.plist";
            LD_RUNPATH_SEARCH_PATHS = (
               "$(inherited)",
               "@loader_path/../Frameworks",
               "@loader_path/Frameworks"
            );
            OTHER_CFLAGS = (
               "$(inherited)"
            );
            OTHER_LDFLAGS = (
               "$(inherited)"
            );
            OTHER_SWIFT_FLAGS = (
               "$(inherited)"
            );
            SWIFT_ACTIVE_COMPILATION_CONDITIONS = (
               "$(inherited)"
            );
            SWIFT_VERSION = "4.2";
            TARGET_NAME = "SyntaxTests";
         };
         name = "Release";
      };
      "OBJ_144" = {
         isa = "PBXSourcesBuildPhase";
         files = (
            "OBJ_145",
            "OBJ_146"
         );
      };
      "OBJ_145" = {
         isa = "PBXBuildFile";
         fileRef = "OBJ_24";
      };
      "OBJ_146" = {
         isa = "PBXBuildFile";
         fileRef = "OBJ_25";
      };
      "OBJ_147" = {
         isa = "PBXFrameworksBuildPhase";
         files = (
            "OBJ_148",
            "OBJ_149",
            "OBJ_150"
         );
      };
      "OBJ_148" = {
         isa = "PBXBuildFile";
         fileRef = "ParserPrinter::Syntax::Product";
      };
      "OBJ_149" = {
         isa = "PBXBuildFile";
         fileRef = "Monoid::Monoid::Product";
      };
      "OBJ_15" = {
         isa = "PBXFileReference";
         path = "Syntax.swift";
         sourceTree = "<group>";
      };
      "OBJ_150" = {
         isa = "PBXBuildFile";
         fileRef = "ParserPrinter::PartialIso::Product";
      };
      "OBJ_151" = {
         isa = "PBXTargetDependency";
         target = "ParserPrinter::Syntax";
      };
      "OBJ_152" = {
         isa = "PBXTargetDependency";
         target = "Monoid::Monoid";
      };
      "OBJ_153" = {
         isa = "PBXTargetDependency";
         target = "ParserPrinter::PartialIso";
      };
      "OBJ_155" = {
         isa = "XCConfigurationList";
         buildConfigurations = (
            "OBJ_156",
            "OBJ_157"
         );
         defaultConfigurationIsVisible = "0";
         defaultConfigurationName = "Release";
      };
      "OBJ_156" = {
         isa = "XCBuildConfiguration";
         buildSettings = {
            ENABLE_TESTABILITY = "YES";
            FRAMEWORK_SEARCH_PATHS = (
               "$(inherited)",
               "$(PLATFORM_DIR)/Developer/Library/Frameworks"
            );
            HEADER_SEARCH_PATHS = (
               "$(inherited)"
            );
            INFOPLIST_FILE = "ParserPrinter.xcodeproj/URLRequestRouter_Info.plist";
            LD_RUNPATH_SEARCH_PATHS = (
               "$(inherited)",
               "$(TOOLCHAIN_DIR)/usr/lib/swift/macosx"
            );
            OTHER_CFLAGS = (
               "$(inherited)"
            );
            OTHER_LDFLAGS = (
               "$(inherited)"
            );
            OTHER_SWIFT_FLAGS = (
               "$(inherited)"
            );
            PRODUCT_BUNDLE_IDENTIFIER = "URLRequestRouter";
            PRODUCT_MODULE_NAME = "$(TARGET_NAME:c99extidentifier)";
            PRODUCT_NAME = "$(TARGET_NAME:c99extidentifier)";
            SKIP_INSTALL = "YES";
            SWIFT_ACTIVE_COMPILATION_CONDITIONS = (
               "$(inherited)"
            );
            SWIFT_VERSION = "4.2";
            TARGET_NAME = "URLRequestRouter";
         };
         name = "Debug";
      };
      "OBJ_157" = {
         isa = "XCBuildConfiguration";
         buildSettings = {
            ENABLE_TESTABILITY = "YES";
            FRAMEWORK_SEARCH_PATHS = (
               "$(inherited)",
               "$(PLATFORM_DIR)/Developer/Library/Frameworks"
            );
            HEADER_SEARCH_PATHS = (
               "$(inherited)"
            );
            INFOPLIST_FILE = "ParserPrinter.xcodeproj/URLRequestRouter_Info.plist";
            LD_RUNPATH_SEARCH_PATHS = (
               "$(inherited)",
               "$(TOOLCHAIN_DIR)/usr/lib/swift/macosx"
            );
            OTHER_CFLAGS = (
               "$(inherited)"
            );
            OTHER_LDFLAGS = (
               "$(inherited)"
            );
            OTHER_SWIFT_FLAGS = (
               "$(inherited)"
            );
            PRODUCT_BUNDLE_IDENTIFIER = "URLRequestRouter";
            PRODUCT_MODULE_NAME = "$(TARGET_NAME:c99extidentifier)";
            PRODUCT_NAME = "$(TARGET_NAME:c99extidentifier)";
            SKIP_INSTALL = "YES";
            SWIFT_ACTIVE_COMPILATION_CONDITIONS = (
               "$(inherited)"
            );
            SWIFT_VERSION = "4.2";
            TARGET_NAME = "URLRequestRouter";
         };
         name = "Release";
      };
      "OBJ_158" = {
         isa = "PBXSourcesBuildPhase";
         files = (
            "OBJ_159",
            "OBJ_160"
         );
      };
      "OBJ_159" = {
         isa = "PBXBuildFile";
         fileRef = "OBJ_17";
      };
      "OBJ_16" = {
         isa = "PBXGroup";
         children = (
            "OBJ_17",
            "OBJ_18"
         );
         name = "URLRequestRouter";
         path = "Sources/URLRequestRouter";
         sourceTree = "SOURCE_ROOT";
      };
      "OBJ_160" = {
         isa = "PBXBuildFile";
         fileRef = "OBJ_18";
      };
      "OBJ_161" = {
         isa = "PBXFrameworksBuildPhase";
         files = (
            "OBJ_162",
            "OBJ_163",
            "OBJ_164"
         );
      };
      "OBJ_162" = {
         isa = "PBXBuildFile";
         fileRef = "ParserPrinter::Syntax::Product";
      };
      "OBJ_163" = {
         isa = "PBXBuildFile";
         fileRef = "Monoid::Monoid::Product";
      };
      "OBJ_164" = {
         isa = "PBXBuildFile";
         fileRef = "ParserPrinter::PartialIso::Product";
      };
      "OBJ_165" = {
         isa = "PBXTargetDependency";
         target = "ParserPrinter::Syntax";
      };
      "OBJ_166" = {
         isa = "PBXTargetDependency";
         target = "Monoid::Monoid";
      };
      "OBJ_167" = {
         isa = "PBXTargetDependency";
         target = "ParserPrinter::PartialIso";
      };
      "OBJ_168" = {
         isa = "XCConfigurationList";
         buildConfigurations = (
            "OBJ_169",
            "OBJ_170"
         );
         defaultConfigurationIsVisible = "0";
         defaultConfigurationName = "Release";
      };
      "OBJ_169" = {
         isa = "XCBuildConfiguration";
         buildSettings = {
            CLANG_ENABLE_MODULES = "YES";
            EMBEDDED_CONTENT_CONTAINS_SWIFT = "YES";
            FRAMEWORK_SEARCH_PATHS = (
               "$(inherited)",
               "$(PLATFORM_DIR)/Developer/Library/Frameworks"
            );
            HEADER_SEARCH_PATHS = (
               "$(inherited)"
            );
            INFOPLIST_FILE = "ParserPrinter.xcodeproj/URLRequestRouterTests_Info.plist";
            LD_RUNPATH_SEARCH_PATHS = (
               "$(inherited)",
               "@loader_path/../Frameworks",
               "@loader_path/Frameworks"
            );
            OTHER_CFLAGS = (
               "$(inherited)"
            );
            OTHER_LDFLAGS = (
               "$(inherited)"
            );
            OTHER_SWIFT_FLAGS = (
               "$(inherited)"
            );
            SWIFT_ACTIVE_COMPILATION_CONDITIONS = (
               "$(inherited)"
            );
            SWIFT_VERSION = "4.2";
            TARGET_NAME = "URLRequestRouterTests";
         };
         name = "Debug";
      };
      "OBJ_17" = {
         isa = "PBXFileReference";
         path = "RequestData.swift";
         sourceTree = "<group>";
      };
      "OBJ_170" = {
         isa = "XCBuildConfiguration";
         buildSettings = {
            CLANG_ENABLE_MODULES = "YES";
            EMBEDDED_CONTENT_CONTAINS_SWIFT = "YES";
            FRAMEWORK_SEARCH_PATHS = (
               "$(inherited)",
               "$(PLATFORM_DIR)/Developer/Library/Frameworks"
            );
            HEADER_SEARCH_PATHS = (
               "$(inherited)"
            );
            INFOPLIST_FILE = "ParserPrinter.xcodeproj/URLRequestRouterTests_Info.plist";
            LD_RUNPATH_SEARCH_PATHS = (
               "$(inherited)",
               "@loader_path/../Frameworks",
               "@loader_path/Frameworks"
            );
            OTHER_CFLAGS = (
               "$(inherited)"
            );
            OTHER_LDFLAGS = (
               "$(inherited)"
            );
            OTHER_SWIFT_FLAGS = (
               "$(inherited)"
            );
            SWIFT_ACTIVE_COMPILATION_CONDITIONS = (
               "$(inherited)"
            );
            SWIFT_VERSION = "4.2";
            TARGET_NAME = "URLRequestRouterTests";
         };
         name = "Release";
      };
      "OBJ_171" = {
         isa = "PBXSourcesBuildPhase";
         files = (
            "OBJ_172",
            "OBJ_173"
         );
      };
      "OBJ_172" = {
         isa = "PBXBuildFile";
         fileRef = "OBJ_27";
      };
      "OBJ_173" = {
         isa = "PBXBuildFile";
         fileRef = "OBJ_28";
      };
      "OBJ_174" = {
         isa = "PBXFrameworksBuildPhase";
         files = (
            "OBJ_175",
            "OBJ_176",
            "OBJ_177",
            "OBJ_178"
         );
      };
      "OBJ_175" = {
         isa = "PBXBuildFile";
         fileRef = "ParserPrinter::URLRequestRouter::Product";
      };
      "OBJ_176" = {
         isa = "PBXBuildFile";
         fileRef = "ParserPrinter::Syntax::Product";
      };
      "OBJ_177" = {
         isa = "PBXBuildFile";
         fileRef = "Monoid::Monoid::Product";
      };
      "OBJ_178" = {
         isa = "PBXBuildFile";
         fileRef = "ParserPrinter::PartialIso::Product";
      };
      "OBJ_179" = {
         isa = "PBXTargetDependency";
         target = "ParserPrinter::URLRequestRouter";
      };
      "OBJ_18" = {
         isa = "PBXFileReference";
         path = "URLRequestRouter.swift";
         sourceTree = "<group>";
      };
      "OBJ_180" = {
         isa = "PBXTargetDependency";
         target = "ParserPrinter::Syntax";
      };
      "OBJ_181" = {
         isa = "PBXTargetDependency";
         target = "Monoid::Monoid";
      };
      "OBJ_182" = {
         isa = "PBXTargetDependency";
         target = "ParserPrinter::PartialIso";
      };
      "OBJ_19" = {
         isa = "PBXGroup";
         children = (
            "OBJ_20",
            "OBJ_23",
            "OBJ_26"
         );
         name = "Tests";
         path = "";
         sourceTree = "SOURCE_ROOT";
      };
      "OBJ_2" = {
         isa = "XCConfigurationList";
         buildConfigurations = (
            "OBJ_3",
            "OBJ_4"
         );
         defaultConfigurationIsVisible = "0";
         defaultConfigurationName = "Release";
      };
      "OBJ_20" = {
         isa = "PBXGroup";
         children = (
            "OBJ_21",
            "OBJ_22"
         );
         name = "PartialIsoTests";
         path = "Tests/PartialIsoTests";
         sourceTree = "SOURCE_ROOT";
      };
      "OBJ_21" = {
         isa = "PBXFileReference";
         path = "PartialIsoTests.swift";
         sourceTree = "<group>";
      };
      "OBJ_22" = {
         isa = "PBXFileReference";
         path = "XCTestManifests.swift";
         sourceTree = "<group>";
      };
      "OBJ_23" = {
         isa = "PBXGroup";
         children = (
            "OBJ_24",
            "OBJ_25"
         );
         name = "SyntaxTests";
         path = "Tests/SyntaxTests";
         sourceTree = "SOURCE_ROOT";
      };
      "OBJ_24" = {
         isa = "PBXFileReference";
         path = "SyntaxTests.swift";
         sourceTree = "<group>";
      };
      "OBJ_25" = {
         isa = "PBXFileReference";
         path = "XCTestManifests.swift";
         sourceTree = "<group>";
      };
      "OBJ_26" = {
         isa = "PBXGroup";
         children = (
            "OBJ_27",
            "OBJ_28"
         );
         name = "URLRequestRouterTests";
         path = "Tests/URLRequestRouterTests";
         sourceTree = "SOURCE_ROOT";
      };
      "OBJ_27" = {
         isa = "PBXFileReference";
         path = "URLRequestRouterTests.swift";
         sourceTree = "<group>";
      };
      "OBJ_28" = {
         isa = "PBXFileReference";
         path = "XCTestManifests.swift";
         sourceTree = "<group>";
      };
      "OBJ_29" = {
         isa = "PBXGroup";
         children = (
            "OBJ_30"
         );
         name = "Dependencies";
         path = "";
         sourceTree = "<group>";
      };
      "OBJ_3" = {
         isa = "XCBuildConfiguration";
         buildSettings = {
            CLANG_ENABLE_OBJC_ARC = "YES";
            COMBINE_HIDPI_IMAGES = "YES";
            COPY_PHASE_STRIP = "NO";
            DEBUG_INFORMATION_FORMAT = "dwarf";
            DYLIB_INSTALL_NAME_BASE = "@rpath";
            ENABLE_NS_ASSERTIONS = "YES";
            GCC_OPTIMIZATION_LEVEL = "0";
            GCC_PREPROCESSOR_DEFINITIONS = (
               "$(inherited)",
               "SWIFT_PACKAGE=1",
               "DEBUG=1"
            );
            MACOSX_DEPLOYMENT_TARGET = "10.10";
            ONLY_ACTIVE_ARCH = "YES";
            OTHER_SWIFT_FLAGS = (
               "$(inherited)",
               "-DXcode"
            );
            PRODUCT_NAME = "$(TARGET_NAME)";
            SDKROOT = "macosx";
            SUPPORTED_PLATFORMS = (
               "macosx",
               "iphoneos",
               "iphonesimulator",
               "appletvos",
               "appletvsimulator",
               "watchos",
               "watchsimulator"
            );
            SWIFT_ACTIVE_COMPILATION_CONDITIONS = (
               "$(inherited)",
               "SWIFT_PACKAGE",
               "DEBUG"
            );
            SWIFT_OPTIMIZATION_LEVEL = "-Onone";
            USE_HEADERMAP = "NO";
         };
         name = "Debug";
      };
      "OBJ_30" = {
         isa = "PBXGroup";
         children = (
            "OBJ_31",
            "OBJ_51"
         );
         name = "Monoid";
         path = "";
         sourceTree = "SOURCE_ROOT";
      };
      "OBJ_31" = {
         isa = "PBXGroup";
         children = (
            "OBJ_32",
            "OBJ_37"
         );
         name = "Monoid";
         path = ".build/checkouts/swift-algebras/Sources/Monoid";
         sourceTree = "SOURCE_ROOT";
      };
      "OBJ_32" = {
         isa = "PBXGroup";
         children = (
            "OBJ_33",
            "OBJ_34",
            "OBJ_35",
            "OBJ_36"
         );
         name = "Algebras";
         path = "Algebras";
         sourceTree = "<group>";
      };
      "OBJ_33" = {
         isa = "PBXFileReference";
         path = "Folds.swift";
         sourceTree = "<group>";
      };
      "OBJ_34" = {
         isa = "PBXFileReference";
         path = "Monoid.swift";
         sourceTree = "<group>";
      };
      "OBJ_35" = {
         isa = "PBXFileReference";
         path = "Semigroup.swift";
         sourceTree = "<group>";
      };
      "OBJ_36" = {
         isa = "PBXFileReference";
         path = "TODO.swift";
         sourceTree = "<group>";
      };
      "OBJ_37" = {
         isa = "PBXGroup";
         children = (
            "OBJ_38",
            "OBJ_39",
            "OBJ_40",
            "OBJ_41",
            "OBJ_42",
            "OBJ_43",
            "OBJ_44",
            "OBJ_45",
            "OBJ_46",
            "OBJ_47",
            "OBJ_48",
            "OBJ_49",
            "OBJ_50"
         );
         name = "Instances";
         path = "Instances";
         sourceTree = "<group>";
      };
      "OBJ_38" = {
         isa = "PBXFileReference";
         path = "Average.swift";
         sourceTree = "<group>";
      };
      "OBJ_39" = {
         isa = "PBXFileReference";
         path = "Bool.swift";
         sourceTree = "<group>";
      };
      "OBJ_4" = {
         isa = "XCBuildConfiguration";
         buildSettings = {
            CLANG_ENABLE_OBJC_ARC = "YES";
            COMBINE_HIDPI_IMAGES = "YES";
            COPY_PHASE_STRIP = "YES";
            DEBUG_INFORMATION_FORMAT = "dwarf-with-dsym";
            DYLIB_INSTALL_NAME_BASE = "@rpath";
            GCC_OPTIMIZATION_LEVEL = "s";
            GCC_PREPROCESSOR_DEFINITIONS = (
               "$(inherited)",
               "SWIFT_PACKAGE=1"
            );
            MACOSX_DEPLOYMENT_TARGET = "10.10";
            OTHER_SWIFT_FLAGS = (
               "$(inherited)",
               "-DXcode"
            );
            PRODUCT_NAME = "$(TARGET_NAME)";
            SDKROOT = "macosx";
            SUPPORTED_PLATFORMS = (
               "macosx",
               "iphoneos",
               "iphonesimulator",
               "appletvos",
               "appletvsimulator",
               "watchos",
               "watchsimulator"
            );
            SWIFT_ACTIVE_COMPILATION_CONDITIONS = (
               "$(inherited)",
               "SWIFT_PACKAGE"
            );
            SWIFT_OPTIMIZATION_LEVEL = "-Owholemodule";
            USE_HEADERMAP = "NO";
         };
         name = "Release";
      };
      "OBJ_40" = {
         isa = "PBXFileReference";
         path = "Comparable.swift";
         sourceTree = "<group>";
      };
      "OBJ_41" = {
         isa = "PBXFileReference";
         path = "Dictionary.swift";
         sourceTree = "<group>";
      };
      "OBJ_42" = {
         isa = "PBXFileReference";
         path = "Endo.swift";
         sourceTree = "<group>";
      };
      "OBJ_43" = {
         isa = "PBXFileReference";
         path = "Numeric.swift";
         sourceTree = "<group>";
      };
      "OBJ_44" = {
         isa = "PBXFileReference";
         path = "Optional.swift";
         sourceTree = "<group>";
      };
      "OBJ_45" = {
         isa = "PBXFileReference";
         path = "Pointwise.swift";
         sourceTree = "<group>";
      };
      "OBJ_46" = {
         isa = "PBXFileReference";
         path = "RangeReplaceableCollection.swift";
         sourceTree = "<group>";
      };
      "OBJ_47" = {
         isa = "PBXFileReference";
         path = "Set.swift";
         sourceTree = "<group>";
      };
      "OBJ_48" = {
         isa = "PBXFileReference";
         path = "Tuple.swift";
         sourceTree = "<group>";
      };
      "OBJ_49" = {
         isa = "PBXFileReference";
         path = "Variance.swift";
         sourceTree = "<group>";
      };
      "OBJ_5" = {
         isa = "PBXGroup";
         children = (
            "OBJ_6",
            "OBJ_7",
            "OBJ_19",
            "OBJ_29",
            "OBJ_52",
            "OBJ_60",
            "OBJ_61",
            "OBJ_62",
            "OBJ_63",
            "OBJ_64"
         );
         path = "";
         sourceTree = "<group>";
      };
      "OBJ_50" = {
         isa = "PBXFileReference";
         path = "Void.swift";
         sourceTree = "<group>";
      };
      "OBJ_51" = {
         isa = "PBXFileReference";
         explicitFileType = "sourcecode.swift";
         name = "Package.swift";
         path = "/Users/stephen/Developer/pointfreeco/swift-parser-printer/.build/checkouts/swift-algebras/Package.swift";
         sourceTree = "<group>";
      };
      "OBJ_52" = {
         isa = "PBXGroup";
         children = (
            "ParserPrinter::URLRequestRouter::Product",
            "Monoid::Monoid::Product",
            "ParserPrinter::SyntaxTests::Product",
            "ParserPrinter::Syntax::Product",
            "ParserPrinter::PartialIsoTests::Product",
            "ParserPrinter::URLRequestRouterTests::Product",
            "ParserPrinter::PartialIso::Product"
         );
         name = "Products";
         path = "";
         sourceTree = "BUILT_PRODUCTS_DIR";
      };
      "OBJ_6" = {
         isa = "PBXFileReference";
         explicitFileType = "sourcecode.swift";
         path = "Package.swift";
         sourceTree = "<group>";
      };
      "OBJ_60" = {
         isa = "PBXFileReference";
         path = "ParserPrinter.xcworkspace";
         sourceTree = "SOURCE_ROOT";
      };
      "OBJ_61" = {
         isa = "PBXFileReference";
         path = "LICENSE";
         sourceTree = "<group>";
      };
      "OBJ_62" = {
         isa = "PBXFileReference";
         path = "Dockerfile";
         sourceTree = "<group>";
      };
      "OBJ_63" = {
         isa = "PBXFileReference";
         path = "Makefile";
         sourceTree = "<group>";
      };
      "OBJ_64" = {
         isa = "PBXFileReference";
         path = "README.md";
         sourceTree = "<group>";
      };
      "OBJ_66" = {
         isa = "XCConfigurationList";
         buildConfigurations = (
            "OBJ_67",
            "OBJ_68"
         );
         defaultConfigurationIsVisible = "0";
         defaultConfigurationName = "Release";
      };
      "OBJ_67" = {
         isa = "XCBuildConfiguration";
         buildSettings = {
            ENABLE_TESTABILITY = "YES";
            FRAMEWORK_SEARCH_PATHS = (
               "$(inherited)",
               "$(PLATFORM_DIR)/Developer/Library/Frameworks"
            );
            HEADER_SEARCH_PATHS = (
               "$(inherited)"
            );
            INFOPLIST_FILE = "ParserPrinter.xcodeproj/Monoid_Info.plist";
            LD_RUNPATH_SEARCH_PATHS = (
               "$(inherited)",
               "$(TOOLCHAIN_DIR)/usr/lib/swift/macosx"
            );
            OTHER_CFLAGS = (
               "$(inherited)"
            );
            OTHER_LDFLAGS = (
               "$(inherited)"
            );
            OTHER_SWIFT_FLAGS = (
               "$(inherited)"
            );
            PRODUCT_BUNDLE_IDENTIFIER = "Monoid";
            PRODUCT_MODULE_NAME = "$(TARGET_NAME:c99extidentifier)";
            PRODUCT_NAME = "$(TARGET_NAME:c99extidentifier)";
            SKIP_INSTALL = "YES";
            SWIFT_ACTIVE_COMPILATION_CONDITIONS = (
               "$(inherited)"
            );
            SWIFT_VERSION = "4.2";
            TARGET_NAME = "Monoid";
         };
         name = "Debug";
      };
      "OBJ_68" = {
         isa = "XCBuildConfiguration";
         buildSettings = {
            ENABLE_TESTABILITY = "YES";
            FRAMEWORK_SEARCH_PATHS = (
               "$(inherited)",
               "$(PLATFORM_DIR)/Developer/Library/Frameworks"
            );
            HEADER_SEARCH_PATHS = (
               "$(inherited)"
            );
            INFOPLIST_FILE = "ParserPrinter.xcodeproj/Monoid_Info.plist";
            LD_RUNPATH_SEARCH_PATHS = (
               "$(inherited)",
               "$(TOOLCHAIN_DIR)/usr/lib/swift/macosx"
            );
            OTHER_CFLAGS = (
               "$(inherited)"
            );
            OTHER_LDFLAGS = (
               "$(inherited)"
            );
            OTHER_SWIFT_FLAGS = (
               "$(inherited)"
            );
            PRODUCT_BUNDLE_IDENTIFIER = "Monoid";
            PRODUCT_MODULE_NAME = "$(TARGET_NAME:c99extidentifier)";
            PRODUCT_NAME = "$(TARGET_NAME:c99extidentifier)";
            SKIP_INSTALL = "YES";
            SWIFT_ACTIVE_COMPILATION_CONDITIONS = (
               "$(inherited)"
            );
            SWIFT_VERSION = "4.2";
            TARGET_NAME = "Monoid";
         };
         name = "Release";
      };
      "OBJ_69" = {
         isa = "PBXSourcesBuildPhase";
         files = (
            "OBJ_70",
            "OBJ_71",
            "OBJ_72",
            "OBJ_73",
            "OBJ_74",
            "OBJ_75",
            "OBJ_76",
            "OBJ_77",
            "OBJ_78",
            "OBJ_79",
            "OBJ_80",
            "OBJ_81",
            "OBJ_82",
            "OBJ_83",
            "OBJ_84",
            "OBJ_85",
            "OBJ_86"
         );
      };
      "OBJ_7" = {
         isa = "PBXGroup";
         children = (
            "OBJ_8",
            "OBJ_12",
            "OBJ_16"
         );
         name = "Sources";
         path = "";
         sourceTree = "SOURCE_ROOT";
      };
      "OBJ_70" = {
         isa = "PBXBuildFile";
         fileRef = "OBJ_33";
      };
      "OBJ_71" = {
         isa = "PBXBuildFile";
         fileRef = "OBJ_34";
      };
      "OBJ_72" = {
         isa = "PBXBuildFile";
         fileRef = "OBJ_35";
      };
      "OBJ_73" = {
         isa = "PBXBuildFile";
         fileRef = "OBJ_36";
      };
      "OBJ_74" = {
         isa = "PBXBuildFile";
         fileRef = "OBJ_38";
      };
      "OBJ_75" = {
         isa = "PBXBuildFile";
         fileRef = "OBJ_39";
      };
      "OBJ_76" = {
         isa = "PBXBuildFile";
         fileRef = "OBJ_40";
      };
      "OBJ_77" = {
         isa = "PBXBuildFile";
         fileRef = "OBJ_41";
      };
      "OBJ_78" = {
         isa = "PBXBuildFile";
         fileRef = "OBJ_42";
      };
      "OBJ_79" = {
         isa = "PBXBuildFile";
         fileRef = "OBJ_43";
      };
      "OBJ_8" = {
         isa = "PBXGroup";
         children = (
            "OBJ_9",
            "OBJ_10",
            "OBJ_11"
         );
         name = "PartialIso";
         path = "Sources/PartialIso";
         sourceTree = "SOURCE_ROOT";
      };
      "OBJ_80" = {
         isa = "PBXBuildFile";
         fileRef = "OBJ_44";
      };
      "OBJ_81" = {
         isa = "PBXBuildFile";
         fileRef = "OBJ_45";
      };
      "OBJ_82" = {
         isa = "PBXBuildFile";
         fileRef = "OBJ_46";
      };
      "OBJ_83" = {
         isa = "PBXBuildFile";
         fileRef = "OBJ_47";
      };
      "OBJ_84" = {
         isa = "PBXBuildFile";
         fileRef = "OBJ_48";
      };
      "OBJ_85" = {
         isa = "PBXBuildFile";
         fileRef = "OBJ_49";
      };
      "OBJ_86" = {
         isa = "PBXBuildFile";
         fileRef = "OBJ_50";
      };
      "OBJ_87" = {
         isa = "PBXFrameworksBuildPhase";
         files = (
         );
      };
      "OBJ_89" = {
         isa = "XCConfigurationList";
         buildConfigurations = (
            "OBJ_90",
            "OBJ_91"
         );
         defaultConfigurationIsVisible = "0";
         defaultConfigurationName = "Release";
      };
      "OBJ_9" = {
         isa = "PBXFileReference";
         path = "ExpressibleByStringLiteral.swift";
         sourceTree = "<group>";
      };
      "OBJ_90" = {
         isa = "XCBuildConfiguration";
         buildSettings = {
            LD = "/usr/bin/true";
            OTHER_SWIFT_FLAGS = (
               "-swift-version",
               "4.2",
               "-I",
               "$(TOOLCHAIN_DIR)/usr/lib/swift/pm/4_2",
               "-target",
               "x86_64-apple-macosx10.10",
               "-sdk",
               "/Applications/Xcode-beta.app/Contents/Developer/Platforms/MacOSX.platform/Developer/SDKs/MacOSX10.15.sdk",
               "-package-description-version",
               "4.2"
            );
            SWIFT_VERSION = "4.2";
         };
         name = "Debug";
      };
      "OBJ_91" = {
         isa = "XCBuildConfiguration";
         buildSettings = {
            LD = "/usr/bin/true";
            OTHER_SWIFT_FLAGS = (
               "-swift-version",
               "4.2",
               "-I",
               "$(TOOLCHAIN_DIR)/usr/lib/swift/pm/4_2",
               "-target",
               "x86_64-apple-macosx10.10",
               "-sdk",
               "/Applications/Xcode-beta.app/Contents/Developer/Platforms/MacOSX.platform/Developer/SDKs/MacOSX10.15.sdk",
               "-package-description-version",
               "4.2"
            );
            SWIFT_VERSION = "4.2";
         };
         name = "Release";
      };
      "OBJ_92" = {
         isa = "PBXSourcesBuildPhase";
         files = (
            "OBJ_93"
         );
      };
      "OBJ_93" = {
         isa = "PBXBuildFile";
         fileRef = "OBJ_51";
      };
      "OBJ_95" = {
         isa = "XCConfigurationList";
         buildConfigurations = (
            "OBJ_96",
            "OBJ_97"
         );
         defaultConfigurationIsVisible = "0";
         defaultConfigurationName = "Release";
      };
      "OBJ_96" = {
         isa = "XCBuildConfiguration";
         buildSettings = {
            LD = "/usr/bin/true";
            OTHER_SWIFT_FLAGS = (
               "-swift-version",
               "4.2",
               "-I",
               "$(TOOLCHAIN_DIR)/usr/lib/swift/pm/4_2",
               "-target",
               "x86_64-apple-macosx10.10",
               "-sdk",
               "/Applications/Xcode-beta.app/Contents/Developer/Platforms/MacOSX.platform/Developer/SDKs/MacOSX10.15.sdk",
               "-package-description-version",
               "4.2"
            );
            SWIFT_VERSION = "4.2";
         };
         name = "Debug";
      };
      "OBJ_97" = {
         isa = "XCBuildConfiguration";
         buildSettings = {
            LD = "/usr/bin/true";
            OTHER_SWIFT_FLAGS = (
               "-swift-version",
               "4.2",
               "-I",
               "$(TOOLCHAIN_DIR)/usr/lib/swift/pm/4_2",
               "-target",
               "x86_64-apple-macosx10.10",
               "-sdk",
               "/Applications/Xcode-beta.app/Contents/Developer/Platforms/MacOSX.platform/Developer/SDKs/MacOSX10.15.sdk",
               "-package-description-version",
               "4.2"
            );
            SWIFT_VERSION = "4.2";
         };
         name = "Release";
      };
      "OBJ_98" = {
         isa = "PBXSourcesBuildPhase";
         files = (
            "OBJ_99"
         );
      };
      "OBJ_99" = {
         isa = "PBXBuildFile";
         fileRef = "OBJ_6";
      };
      "ParserPrinter::ParserPrinterPackageTests::ProductTarget" = {
         isa = "PBXAggregateTarget";
         buildConfigurationList = "OBJ_101";
         buildPhases = (
         );
         dependencies = (
            "OBJ_104",
            "OBJ_106",
            "OBJ_108"
         );
         name = "ParserPrinterPackageTests";
         productName = "ParserPrinterPackageTests";
      };
      "ParserPrinter::PartialIso" = {
         isa = "PBXNativeTarget";
         buildConfigurationList = "OBJ_111";
         buildPhases = (
            "OBJ_114",
            "OBJ_118"
         );
         dependencies = (
         );
         name = "PartialIso";
         productName = "PartialIso";
         productReference = "ParserPrinter::PartialIso::Product";
         productType = "com.apple.product-type.framework";
      };
      "ParserPrinter::PartialIso::Product" = {
         isa = "PBXFileReference";
         path = "PartialIso.framework";
         sourceTree = "BUILT_PRODUCTS_DIR";
      };
      "ParserPrinter::PartialIsoTests" = {
         isa = "PBXNativeTarget";
         buildConfigurationList = "OBJ_119";
         buildPhases = (
            "OBJ_122",
            "OBJ_125"
         );
         dependencies = (
            "OBJ_127"
         );
         name = "PartialIsoTests";
         productName = "PartialIsoTests";
         productReference = "ParserPrinter::PartialIsoTests::Product";
         productType = "com.apple.product-type.bundle.unit-test";
      };
      "ParserPrinter::PartialIsoTests::Product" = {
         isa = "PBXFileReference";
         path = "PartialIsoTests.xctest";
         sourceTree = "BUILT_PRODUCTS_DIR";
      };
      "ParserPrinter::SwiftPMPackageDescription" = {
         isa = "PBXNativeTarget";
         buildConfigurationList = "OBJ_95";
         buildPhases = (
            "OBJ_98"
         );
         dependencies = (
         );
         name = "ParserPrinterPackageDescription";
         productName = "ParserPrinterPackageDescription";
         productType = "com.apple.product-type.framework";
      };
      "ParserPrinter::Syntax" = {
         isa = "PBXNativeTarget";
         buildConfigurationList = "OBJ_129";
         buildPhases = (
            "OBJ_132",
            "OBJ_136"
         );
         dependencies = (
            "OBJ_139",
            "OBJ_140"
         );
         name = "Syntax";
         productName = "Syntax";
         productReference = "ParserPrinter::Syntax::Product";
         productType = "com.apple.product-type.framework";
      };
      "ParserPrinter::Syntax::Product" = {
         isa = "PBXFileReference";
         path = "Syntax.framework";
         sourceTree = "BUILT_PRODUCTS_DIR";
      };
      "ParserPrinter::SyntaxTests" = {
         isa = "PBXNativeTarget";
         buildConfigurationList = "OBJ_141";
         buildPhases = (
            "OBJ_144",
            "OBJ_147"
         );
         dependencies = (
            "OBJ_151",
            "OBJ_152",
            "OBJ_153"
         );
         name = "SyntaxTests";
         productName = "SyntaxTests";
         productReference = "ParserPrinter::SyntaxTests::Product";
         productType = "com.apple.product-type.bundle.unit-test";
      };
      "ParserPrinter::SyntaxTests::Product" = {
         isa = "PBXFileReference";
         path = "SyntaxTests.xctest";
         sourceTree = "BUILT_PRODUCTS_DIR";
      };
      "ParserPrinter::URLRequestRouter" = {
         isa = "PBXNativeTarget";
         buildConfigurationList = "OBJ_155";
         buildPhases = (
            "OBJ_158",
            "OBJ_161"
         );
         dependencies = (
            "OBJ_165",
            "OBJ_166",
            "OBJ_167"
         );
         name = "URLRequestRouter";
         productName = "URLRequestRouter";
         productReference = "ParserPrinter::URLRequestRouter::Product";
         productType = "com.apple.product-type.framework";
      };
      "ParserPrinter::URLRequestRouter::Product" = {
         isa = "PBXFileReference";
         path = "URLRequestRouter.framework";
         sourceTree = "BUILT_PRODUCTS_DIR";
      };
      "ParserPrinter::URLRequestRouterTests" = {
         isa = "PBXNativeTarget";
         buildConfigurationList = "OBJ_168";
         buildPhases = (
            "OBJ_171",
            "OBJ_174"
         );
         dependencies = (
            "OBJ_179",
            "OBJ_180",
            "OBJ_181",
            "OBJ_182"
         );
         name = "URLRequestRouterTests";
         productName = "URLRequestRouterTests";
         productReference = "ParserPrinter::URLRequestRouterTests::Product";
         productType = "com.apple.product-type.bundle.unit-test";
      };
      "ParserPrinter::URLRequestRouterTests::Product" = {
         isa = "PBXFileReference";
         path = "URLRequestRouterTests.xctest";
         sourceTree = "BUILT_PRODUCTS_DIR";
      };
   };
   rootObject = "OBJ_1";
}
