// !$*UTF8*$!
{
	archiveVersion = 1;
	classes = {
	};
	objectVersion = 46;
	objects = {

/* Begin PBXAggregateTarget section */
		"PrinterParser::PrinterParserPackageTests::ProductTarget" /* PrinterParserPackageTests */ = {
			isa = PBXAggregateTarget;
			buildConfigurationList = OBJ_108 /* Build configuration list for PBXAggregateTarget "PrinterParserPackageTests" */;
			buildPhases = (
			);
			dependencies = (
				OBJ_111 /* PBXTargetDependency */,
				OBJ_113 /* PBXTargetDependency */,
				OBJ_114 /* PBXTargetDependency */,
			);
			name = PrinterParserPackageTests;
			productName = PrinterParserPackageTests;
		};
/* End PBXAggregateTarget section */

/* Begin PBXBuildFile section */
		CAE8571F2210D39600FD5088 /* URLRequestRouter.swift in Sources */ = {isa = PBXBuildFile; fileRef = CAE8571E2210D39600FD5088 /* URLRequestRouter.swift */; };
		CAE857212210DB9100FD5088 /* ExpressibleByStringLiteral.swift in Sources */ = {isa = PBXBuildFile; fileRef = CAE857202210DB9100FD5088 /* ExpressibleByStringLiteral.swift */; };
		OBJ_106 /* Package.swift in Sources */ = {isa = PBXBuildFile; fileRef = OBJ_6 /* Package.swift */; };
		OBJ_121 /* Syntax.swift in Sources */ = {isa = PBXBuildFile; fileRef = OBJ_13 /* Syntax.swift */; };
		OBJ_123 /* Monoid.framework in Frameworks */ = {isa = PBXBuildFile; fileRef = "Monoid::Monoid::Product" /* Monoid.framework */; };
		OBJ_124 /* PartialIso.framework in Frameworks */ = {isa = PBXBuildFile; fileRef = "PrinterParser::PartialIso::Product" /* PartialIso.framework */; };
		OBJ_131 /* SyntaxTests.swift in Sources */ = {isa = PBXBuildFile; fileRef = OBJ_21 /* SyntaxTests.swift */; };
		OBJ_132 /* XCTestManifests.swift in Sources */ = {isa = PBXBuildFile; fileRef = OBJ_22 /* XCTestManifests.swift */; };
		OBJ_134 /* Syntax.framework in Frameworks */ = {isa = PBXBuildFile; fileRef = "PrinterParser::Syntax::Product" /* Syntax.framework */; };
		OBJ_135 /* Monoid.framework in Frameworks */ = {isa = PBXBuildFile; fileRef = "Monoid::Monoid::Product" /* Monoid.framework */; };
		OBJ_136 /* PartialIso.framework in Frameworks */ = {isa = PBXBuildFile; fileRef = "PrinterParser::PartialIso::Product" /* PartialIso.framework */; };
		OBJ_145 /* RequestData.swift in Sources */ = {isa = PBXBuildFile; fileRef = OBJ_11 /* RequestData.swift */; };
		OBJ_147 /* Syntax.framework in Frameworks */ = {isa = PBXBuildFile; fileRef = "PrinterParser::Syntax::Product" /* Syntax.framework */; };
		OBJ_148 /* Monoid.framework in Frameworks */ = {isa = PBXBuildFile; fileRef = "Monoid::Monoid::Product" /* Monoid.framework */; };
		OBJ_149 /* PartialIso.framework in Frameworks */ = {isa = PBXBuildFile; fileRef = "PrinterParser::PartialIso::Product" /* PartialIso.framework */; };
		OBJ_157 /* URLRequestRouterTests.swift in Sources */ = {isa = PBXBuildFile; fileRef = OBJ_19 /* URLRequestRouterTests.swift */; };
		OBJ_159 /* URLRequestRouter.framework in Frameworks */ = {isa = PBXBuildFile; fileRef = "PrinterParser::URLRequestRouter::Product" /* URLRequestRouter.framework */; };
		OBJ_160 /* Syntax.framework in Frameworks */ = {isa = PBXBuildFile; fileRef = "PrinterParser::Syntax::Product" /* Syntax.framework */; };
		OBJ_161 /* Monoid.framework in Frameworks */ = {isa = PBXBuildFile; fileRef = "Monoid::Monoid::Product" /* Monoid.framework */; };
		OBJ_162 /* PartialIso.framework in Frameworks */ = {isa = PBXBuildFile; fileRef = "PrinterParser::PartialIso::Product" /* PartialIso.framework */; };
		OBJ_60 /* Folds.swift in Sources */ = {isa = PBXBuildFile; fileRef = OBJ_28 /* Folds.swift */; };
		OBJ_61 /* Monoid.swift in Sources */ = {isa = PBXBuildFile; fileRef = OBJ_29 /* Monoid.swift */; };
		OBJ_62 /* Semigroup.swift in Sources */ = {isa = PBXBuildFile; fileRef = OBJ_30 /* Semigroup.swift */; };
		OBJ_63 /* TODO.swift in Sources */ = {isa = PBXBuildFile; fileRef = OBJ_31 /* TODO.swift */; };
		OBJ_64 /* Average.swift in Sources */ = {isa = PBXBuildFile; fileRef = OBJ_33 /* Average.swift */; };
		OBJ_65 /* Bool.swift in Sources */ = {isa = PBXBuildFile; fileRef = OBJ_34 /* Bool.swift */; };
		OBJ_66 /* Comparable.swift in Sources */ = {isa = PBXBuildFile; fileRef = OBJ_35 /* Comparable.swift */; };
		OBJ_67 /* Dictionary.swift in Sources */ = {isa = PBXBuildFile; fileRef = OBJ_36 /* Dictionary.swift */; };
		OBJ_68 /* Endo.swift in Sources */ = {isa = PBXBuildFile; fileRef = OBJ_37 /* Endo.swift */; };
		OBJ_69 /* Numeric.swift in Sources */ = {isa = PBXBuildFile; fileRef = OBJ_38 /* Numeric.swift */; };
		OBJ_70 /* Optional.swift in Sources */ = {isa = PBXBuildFile; fileRef = OBJ_39 /* Optional.swift */; };
		OBJ_71 /* Pointwise.swift in Sources */ = {isa = PBXBuildFile; fileRef = OBJ_40 /* Pointwise.swift */; };
		OBJ_72 /* RangeReplaceableCollection.swift in Sources */ = {isa = PBXBuildFile; fileRef = OBJ_41 /* RangeReplaceableCollection.swift */; };
		OBJ_73 /* Set.swift in Sources */ = {isa = PBXBuildFile; fileRef = OBJ_42 /* Set.swift */; };
		OBJ_74 /* Tuple.swift in Sources */ = {isa = PBXBuildFile; fileRef = OBJ_43 /* Tuple.swift */; };
		OBJ_75 /* Variance.swift in Sources */ = {isa = PBXBuildFile; fileRef = OBJ_44 /* Variance.swift */; };
		OBJ_76 /* Void.swift in Sources */ = {isa = PBXBuildFile; fileRef = OBJ_45 /* Void.swift */; };
		OBJ_83 /* Package.swift in Sources */ = {isa = PBXBuildFile; fileRef = OBJ_46 /* Package.swift */; };
		OBJ_89 /* PartialIso.swift in Sources */ = {isa = PBXBuildFile; fileRef = OBJ_9 /* PartialIso.swift */; };
		OBJ_96 /* XCTestManifests.swift in Sources */ = {isa = PBXBuildFile; fileRef = OBJ_16 /* XCTestManifests.swift */; };
		OBJ_97 /* swift_parser_printerTests.swift in Sources */ = {isa = PBXBuildFile; fileRef = OBJ_17 /* swift_parser_printerTests.swift */; };
		OBJ_99 /* PartialIso.framework in Frameworks */ = {isa = PBXBuildFile; fileRef = "PrinterParser::PartialIso::Product" /* PartialIso.framework */; };
/* End PBXBuildFile section */

/* Begin PBXContainerItemProxy section */
		CAE855F82210CEF100FD5088 /* PBXContainerItemProxy */ = {
			isa = PBXContainerItemProxy;
			containerPortal = OBJ_1 /* Project object */;
			proxyType = 1;
			remoteGlobalIDString = "PrinterParser::Syntax";
			remoteInfo = Syntax;
		};
		CAE855F92210CEF100FD5088 /* PBXContainerItemProxy */ = {
			isa = PBXContainerItemProxy;
			containerPortal = OBJ_1 /* Project object */;
			proxyType = 1;
			remoteGlobalIDString = "Monoid::Monoid";
			remoteInfo = Monoid;
		};
		CAE855FA2210CEF100FD5088 /* PBXContainerItemProxy */ = {
			isa = PBXContainerItemProxy;
			containerPortal = OBJ_1 /* Project object */;
			proxyType = 1;
			remoteGlobalIDString = "PrinterParser::PartialIso";
			remoteInfo = PartialIso;
		};
		CAE855FB2210CEF100FD5088 /* PBXContainerItemProxy */ = {
			isa = PBXContainerItemProxy;
			containerPortal = OBJ_1 /* Project object */;
			proxyType = 1;
			remoteGlobalIDString = "Monoid::Monoid";
			remoteInfo = Monoid;
		};
		CAE855FC2210CEF100FD5088 /* PBXContainerItemProxy */ = {
			isa = PBXContainerItemProxy;
			containerPortal = OBJ_1 /* Project object */;
			proxyType = 1;
			remoteGlobalIDString = "PrinterParser::PartialIso";
			remoteInfo = PartialIso;
		};
		CAE855FD2210CEF100FD5088 /* PBXContainerItemProxy */ = {
			isa = PBXContainerItemProxy;
			containerPortal = OBJ_1 /* Project object */;
			proxyType = 1;
			remoteGlobalIDString = "PrinterParser::Syntax";
			remoteInfo = Syntax;
		};
		CAE855FE2210CEF100FD5088 /* PBXContainerItemProxy */ = {
			isa = PBXContainerItemProxy;
			containerPortal = OBJ_1 /* Project object */;
			proxyType = 1;
			remoteGlobalIDString = "Monoid::Monoid";
			remoteInfo = Monoid;
		};
		CAE855FF2210CEF100FD5088 /* PBXContainerItemProxy */ = {
			isa = PBXContainerItemProxy;
			containerPortal = OBJ_1 /* Project object */;
			proxyType = 1;
			remoteGlobalIDString = "PrinterParser::PartialIso";
			remoteInfo = PartialIso;
		};
		CAE856002210CEF100FD5088 /* PBXContainerItemProxy */ = {
			isa = PBXContainerItemProxy;
			containerPortal = OBJ_1 /* Project object */;
			proxyType = 1;
			remoteGlobalIDString = "PrinterParser::PartialIso";
			remoteInfo = PartialIso;
		};
		CAE856012210CEF100FD5088 /* PBXContainerItemProxy */ = {
			isa = PBXContainerItemProxy;
			containerPortal = OBJ_1 /* Project object */;
			proxyType = 1;
			remoteGlobalIDString = "PrinterParser::URLRequestRouter";
			remoteInfo = URLRequestRouter;
		};
		CAE856022210CEF100FD5088 /* PBXContainerItemProxy */ = {
			isa = PBXContainerItemProxy;
			containerPortal = OBJ_1 /* Project object */;
			proxyType = 1;
			remoteGlobalIDString = "PrinterParser::Syntax";
			remoteInfo = Syntax;
		};
		CAE856032210CEF100FD5088 /* PBXContainerItemProxy */ = {
			isa = PBXContainerItemProxy;
			containerPortal = OBJ_1 /* Project object */;
			proxyType = 1;
			remoteGlobalIDString = "Monoid::Monoid";
			remoteInfo = Monoid;
		};
		CAE856042210CEF100FD5088 /* PBXContainerItemProxy */ = {
			isa = PBXContainerItemProxy;
			containerPortal = OBJ_1 /* Project object */;
			proxyType = 1;
			remoteGlobalIDString = "PrinterParser::PartialIso";
			remoteInfo = PartialIso;
		};
		CAE856052210CEF100FD5088 /* PBXContainerItemProxy */ = {
			isa = PBXContainerItemProxy;
			containerPortal = OBJ_1 /* Project object */;
			proxyType = 1;
			remoteGlobalIDString = "PrinterParser::URLRequestRouterTests";
			remoteInfo = URLRequestRouterTests;
		};
		CAE856062210CEF100FD5088 /* PBXContainerItemProxy */ = {
			isa = PBXContainerItemProxy;
			containerPortal = OBJ_1 /* Project object */;
			proxyType = 1;
			remoteGlobalIDString = "PrinterParser::PartialIsoTests";
			remoteInfo = PartialIsoTests;
		};
		CAE856072210CEF100FD5088 /* PBXContainerItemProxy */ = {
			isa = PBXContainerItemProxy;
			containerPortal = OBJ_1 /* Project object */;
			proxyType = 1;
			remoteGlobalIDString = "PrinterParser::SyntaxTests";
			remoteInfo = SyntaxTests;
		};
/* End PBXContainerItemProxy section */

/* Begin PBXFileReference section */
		CAE8571E2210D39600FD5088 /* URLRequestRouter.swift */ = {isa = PBXFileReference; lastKnownFileType = sourcecode.swift; path = URLRequestRouter.swift; sourceTree = "<group>"; };
		CAE857202210DB9100FD5088 /* ExpressibleByStringLiteral.swift */ = {isa = PBXFileReference; lastKnownFileType = sourcecode.swift; path = ExpressibleByStringLiteral.swift; sourceTree = "<group>"; };
		"Monoid::Monoid::Product" /* Monoid.framework */ = {isa = PBXFileReference; lastKnownFileType = wrapper.framework; path = Monoid.framework; sourceTree = BUILT_PRODUCTS_DIR; };
		OBJ_11 /* RequestData.swift */ = {isa = PBXFileReference; lastKnownFileType = sourcecode.swift; path = RequestData.swift; sourceTree = "<group>"; };
		OBJ_13 /* Syntax.swift */ = {isa = PBXFileReference; lastKnownFileType = sourcecode.swift; path = Syntax.swift; sourceTree = "<group>"; };
		OBJ_16 /* XCTestManifests.swift */ = {isa = PBXFileReference; lastKnownFileType = sourcecode.swift; path = XCTestManifests.swift; sourceTree = "<group>"; };
		OBJ_17 /* swift_parser_printerTests.swift */ = {isa = PBXFileReference; lastKnownFileType = sourcecode.swift; path = swift_parser_printerTests.swift; sourceTree = "<group>"; };
		OBJ_19 /* URLRequestRouterTests.swift */ = {isa = PBXFileReference; lastKnownFileType = sourcecode.swift; path = URLRequestRouterTests.swift; sourceTree = "<group>"; };
		OBJ_21 /* SyntaxTests.swift */ = {isa = PBXFileReference; lastKnownFileType = sourcecode.swift; path = SyntaxTests.swift; sourceTree = "<group>"; };
		OBJ_22 /* XCTestManifests.swift */ = {isa = PBXFileReference; lastKnownFileType = sourcecode.swift; path = XCTestManifests.swift; sourceTree = "<group>"; };
		OBJ_28 /* Folds.swift */ = {isa = PBXFileReference; lastKnownFileType = sourcecode.swift; path = Folds.swift; sourceTree = "<group>"; };
		OBJ_29 /* Monoid.swift */ = {isa = PBXFileReference; lastKnownFileType = sourcecode.swift; path = Monoid.swift; sourceTree = "<group>"; };
		OBJ_30 /* Semigroup.swift */ = {isa = PBXFileReference; lastKnownFileType = sourcecode.swift; path = Semigroup.swift; sourceTree = "<group>"; };
		OBJ_31 /* TODO.swift */ = {isa = PBXFileReference; lastKnownFileType = sourcecode.swift; path = TODO.swift; sourceTree = "<group>"; };
		OBJ_33 /* Average.swift */ = {isa = PBXFileReference; lastKnownFileType = sourcecode.swift; path = Average.swift; sourceTree = "<group>"; };
		OBJ_34 /* Bool.swift */ = {isa = PBXFileReference; lastKnownFileType = sourcecode.swift; path = Bool.swift; sourceTree = "<group>"; };
		OBJ_35 /* Comparable.swift */ = {isa = PBXFileReference; lastKnownFileType = sourcecode.swift; path = Comparable.swift; sourceTree = "<group>"; };
		OBJ_36 /* Dictionary.swift */ = {isa = PBXFileReference; lastKnownFileType = sourcecode.swift; path = Dictionary.swift; sourceTree = "<group>"; };
		OBJ_37 /* Endo.swift */ = {isa = PBXFileReference; lastKnownFileType = sourcecode.swift; path = Endo.swift; sourceTree = "<group>"; };
		OBJ_38 /* Numeric.swift */ = {isa = PBXFileReference; lastKnownFileType = sourcecode.swift; path = Numeric.swift; sourceTree = "<group>"; };
		OBJ_39 /* Optional.swift */ = {isa = PBXFileReference; lastKnownFileType = sourcecode.swift; path = Optional.swift; sourceTree = "<group>"; };
		OBJ_40 /* Pointwise.swift */ = {isa = PBXFileReference; lastKnownFileType = sourcecode.swift; path = Pointwise.swift; sourceTree = "<group>"; };
		OBJ_41 /* RangeReplaceableCollection.swift */ = {isa = PBXFileReference; lastKnownFileType = sourcecode.swift; path = RangeReplaceableCollection.swift; sourceTree = "<group>"; };
		OBJ_42 /* Set.swift */ = {isa = PBXFileReference; lastKnownFileType = sourcecode.swift; path = Set.swift; sourceTree = "<group>"; };
		OBJ_43 /* Tuple.swift */ = {isa = PBXFileReference; lastKnownFileType = sourcecode.swift; path = Tuple.swift; sourceTree = "<group>"; };
		OBJ_44 /* Variance.swift */ = {isa = PBXFileReference; lastKnownFileType = sourcecode.swift; path = Variance.swift; sourceTree = "<group>"; };
		OBJ_45 /* Void.swift */ = {isa = PBXFileReference; lastKnownFileType = sourcecode.swift; path = Void.swift; sourceTree = "<group>"; };
		OBJ_46 /* Package.swift */ = {isa = PBXFileReference; explicitFileType = sourcecode.swift; name = Package.swift; path = "/Users/brandon/projects/swift-parser-printer/.build/checkouts/swift-algebras--1345582510493575962/Package.swift"; sourceTree = "<group>"; };
		OBJ_6 /* Package.swift */ = {isa = PBXFileReference; explicitFileType = sourcecode.swift; path = Package.swift; sourceTree = "<group>"; };
		OBJ_9 /* PartialIso.swift */ = {isa = PBXFileReference; lastKnownFileType = sourcecode.swift; path = PartialIso.swift; sourceTree = "<group>"; };
		"PrinterParser::PartialIso::Product" /* PartialIso.framework */ = {isa = PBXFileReference; lastKnownFileType = wrapper.framework; path = PartialIso.framework; sourceTree = BUILT_PRODUCTS_DIR; };
		"PrinterParser::PartialIsoTests::Product" /* PartialIsoTests.xctest */ = {isa = PBXFileReference; lastKnownFileType = file; path = PartialIsoTests.xctest; sourceTree = BUILT_PRODUCTS_DIR; };
		"PrinterParser::Syntax::Product" /* Syntax.framework */ = {isa = PBXFileReference; lastKnownFileType = wrapper.framework; path = Syntax.framework; sourceTree = BUILT_PRODUCTS_DIR; };
		"PrinterParser::SyntaxTests::Product" /* SyntaxTests.xctest */ = {isa = PBXFileReference; lastKnownFileType = file; path = SyntaxTests.xctest; sourceTree = BUILT_PRODUCTS_DIR; };
		"PrinterParser::URLRequestRouter::Product" /* URLRequestRouter.framework */ = {isa = PBXFileReference; lastKnownFileType = wrapper.framework; path = URLRequestRouter.framework; sourceTree = BUILT_PRODUCTS_DIR; };
		"PrinterParser::URLRequestRouterTests::Product" /* URLRequestRouterTests.xctest */ = {isa = PBXFileReference; lastKnownFileType = file; path = URLRequestRouterTests.xctest; sourceTree = BUILT_PRODUCTS_DIR; };
/* End PBXFileReference section */

/* Begin PBXFrameworksBuildPhase section */
		OBJ_122 /* Frameworks */ = {
			isa = PBXFrameworksBuildPhase;
			buildActionMask = 0;
			files = (
				OBJ_123 /* Monoid.framework in Frameworks */,
				OBJ_124 /* PartialIso.framework in Frameworks */,
			);
			runOnlyForDeploymentPostprocessing = 0;
		};
		OBJ_133 /* Frameworks */ = {
			isa = PBXFrameworksBuildPhase;
			buildActionMask = 0;
			files = (
				OBJ_134 /* Syntax.framework in Frameworks */,
				OBJ_135 /* Monoid.framework in Frameworks */,
				OBJ_136 /* PartialIso.framework in Frameworks */,
			);
			runOnlyForDeploymentPostprocessing = 0;
		};
		OBJ_146 /* Frameworks */ = {
			isa = PBXFrameworksBuildPhase;
			buildActionMask = 0;
			files = (
				OBJ_147 /* Syntax.framework in Frameworks */,
				OBJ_148 /* Monoid.framework in Frameworks */,
				OBJ_149 /* PartialIso.framework in Frameworks */,
			);
			runOnlyForDeploymentPostprocessing = 0;
		};
		OBJ_158 /* Frameworks */ = {
			isa = PBXFrameworksBuildPhase;
			buildActionMask = 0;
			files = (
				OBJ_159 /* URLRequestRouter.framework in Frameworks */,
				OBJ_160 /* Syntax.framework in Frameworks */,
				OBJ_161 /* Monoid.framework in Frameworks */,
				OBJ_162 /* PartialIso.framework in Frameworks */,
			);
			runOnlyForDeploymentPostprocessing = 0;
		};
		OBJ_77 /* Frameworks */ = {
			isa = PBXFrameworksBuildPhase;
			buildActionMask = 0;
			files = (
			);
			runOnlyForDeploymentPostprocessing = 0;
		};
		OBJ_90 /* Frameworks */ = {
			isa = PBXFrameworksBuildPhase;
			buildActionMask = 0;
			files = (
			);
			runOnlyForDeploymentPostprocessing = 0;
		};
		OBJ_98 /* Frameworks */ = {
			isa = PBXFrameworksBuildPhase;
			buildActionMask = 0;
			files = (
				OBJ_99 /* PartialIso.framework in Frameworks */,
			);
			runOnlyForDeploymentPostprocessing = 0;
		};
/* End PBXFrameworksBuildPhase section */

/* Begin PBXGroup section */
		OBJ_10 /* URLRequestRouter */ = {
			isa = PBXGroup;
			children = (
				CAE8571E2210D39600FD5088 /* URLRequestRouter.swift */,
				OBJ_11 /* RequestData.swift */,
			);
			name = URLRequestRouter;
			path = Sources/URLRequestRouter;
			sourceTree = SOURCE_ROOT;
		};
		OBJ_12 /* Syntax */ = {
			isa = PBXGroup;
			children = (
				OBJ_13 /* Syntax.swift */,
			);
			name = Syntax;
			path = Sources/Syntax;
			sourceTree = SOURCE_ROOT;
		};
		OBJ_14 /* Tests */ = {
			isa = PBXGroup;
			children = (
				OBJ_15 /* PartialIsoTests */,
				OBJ_18 /* URLRequestRouterTests */,
				OBJ_20 /* SyntaxTests */,
			);
			name = Tests;
			sourceTree = SOURCE_ROOT;
		};
		OBJ_15 /* PartialIsoTests */ = {
			isa = PBXGroup;
			children = (
				OBJ_16 /* XCTestManifests.swift */,
				OBJ_17 /* swift_parser_printerTests.swift */,
			);
			name = PartialIsoTests;
			path = Tests/PartialIsoTests;
			sourceTree = SOURCE_ROOT;
		};
		OBJ_18 /* URLRequestRouterTests */ = {
			isa = PBXGroup;
			children = (
				OBJ_19 /* URLRequestRouterTests.swift */,
			);
			name = URLRequestRouterTests;
			path = Tests/URLRequestRouterTests;
			sourceTree = SOURCE_ROOT;
		};
		OBJ_20 /* SyntaxTests */ = {
			isa = PBXGroup;
			children = (
				OBJ_21 /* SyntaxTests.swift */,
				OBJ_22 /* XCTestManifests.swift */,
			);
			name = SyntaxTests;
			path = Tests/SyntaxTests;
			sourceTree = SOURCE_ROOT;
		};
		OBJ_24 /* Dependencies */ = {
			isa = PBXGroup;
			children = (
				OBJ_25 /* Monoid */,
			);
			name = Dependencies;
			sourceTree = "<group>";
		};
		OBJ_25 /* Monoid */ = {
			isa = PBXGroup;
			children = (
				OBJ_26 /* Monoid */,
				OBJ_46 /* Package.swift */,
			);
			name = Monoid;
			sourceTree = SOURCE_ROOT;
		};
		OBJ_26 /* Monoid */ = {
			isa = PBXGroup;
			children = (
				OBJ_27 /* Algebras */,
				OBJ_32 /* Instances */,
			);
			name = Monoid;
			path = ".build/checkouts/swift-algebras--1345582510493575962/Sources/Monoid";
			sourceTree = SOURCE_ROOT;
		};
		OBJ_27 /* Algebras */ = {
			isa = PBXGroup;
			children = (
				OBJ_28 /* Folds.swift */,
				OBJ_29 /* Monoid.swift */,
				OBJ_30 /* Semigroup.swift */,
				OBJ_31 /* TODO.swift */,
			);
			path = Algebras;
			sourceTree = "<group>";
		};
		OBJ_32 /* Instances */ = {
			isa = PBXGroup;
			children = (
				OBJ_33 /* Average.swift */,
				OBJ_34 /* Bool.swift */,
				OBJ_35 /* Comparable.swift */,
				OBJ_36 /* Dictionary.swift */,
				OBJ_37 /* Endo.swift */,
				OBJ_38 /* Numeric.swift */,
				OBJ_39 /* Optional.swift */,
				OBJ_40 /* Pointwise.swift */,
				OBJ_41 /* RangeReplaceableCollection.swift */,
				OBJ_42 /* Set.swift */,
				OBJ_43 /* Tuple.swift */,
				OBJ_44 /* Variance.swift */,
				OBJ_45 /* Void.swift */,
			);
			path = Instances;
			sourceTree = "<group>";
		};
		OBJ_47 /* Products */ = {
			isa = PBXGroup;
			children = (
				"PrinterParser::URLRequestRouterTests::Product" /* URLRequestRouterTests.xctest */,
				"PrinterParser::PartialIsoTests::Product" /* PartialIsoTests.xctest */,
				"Monoid::Monoid::Product" /* Monoid.framework */,
				"PrinterParser::SyntaxTests::Product" /* SyntaxTests.xctest */,
				"PrinterParser::PartialIso::Product" /* PartialIso.framework */,
				"PrinterParser::Syntax::Product" /* Syntax.framework */,
				"PrinterParser::URLRequestRouter::Product" /* URLRequestRouter.framework */,
			);
			name = Products;
			sourceTree = BUILT_PRODUCTS_DIR;
		};
		OBJ_5 /*  */ = {
			isa = PBXGroup;
			children = (
				OBJ_6 /* Package.swift */,
				OBJ_7 /* Sources */,
				OBJ_14 /* Tests */,
				OBJ_24 /* Dependencies */,
				OBJ_47 /* Products */,
			);
			name = "";
			sourceTree = "<group>";
		};
		OBJ_7 /* Sources */ = {
			isa = PBXGroup;
			children = (
				OBJ_8 /* PartialIso */,
				OBJ_10 /* URLRequestRouter */,
				OBJ_12 /* Syntax */,
			);
			name = Sources;
			sourceTree = SOURCE_ROOT;
		};
		OBJ_8 /* PartialIso */ = {
			isa = PBXGroup;
			children = (
				OBJ_9 /* PartialIso.swift */,
				CAE857202210DB9100FD5088 /* ExpressibleByStringLiteral.swift */,
			);
			name = PartialIso;
			path = Sources/PartialIso;
			sourceTree = SOURCE_ROOT;
		};
/* End PBXGroup section */

/* Begin PBXNativeTarget section */
		"Monoid::Monoid" /* Monoid */ = {
			isa = PBXNativeTarget;
			buildConfigurationList = OBJ_56 /* Build configuration list for PBXNativeTarget "Monoid" */;
			buildPhases = (
				OBJ_59 /* Sources */,
				OBJ_77 /* Frameworks */,
			);
			buildRules = (
			);
			dependencies = (
			);
			name = Monoid;
			productName = Monoid;
			productReference = "Monoid::Monoid::Product" /* Monoid.framework */;
			productType = "com.apple.product-type.framework";
		};
		"Monoid::SwiftPMPackageDescription" /* MonoidPackageDescription */ = {
			isa = PBXNativeTarget;
			buildConfigurationList = OBJ_79 /* Build configuration list for PBXNativeTarget "MonoidPackageDescription" */;
			buildPhases = (
				OBJ_82 /* Sources */,
			);
			buildRules = (
			);
			dependencies = (
			);
			name = MonoidPackageDescription;
			productName = MonoidPackageDescription;
			productType = "com.apple.product-type.framework";
		};
		"PrinterParser::PartialIso" /* PartialIso */ = {
			isa = PBXNativeTarget;
			buildConfigurationList = OBJ_85 /* Build configuration list for PBXNativeTarget "PartialIso" */;
			buildPhases = (
				OBJ_88 /* Sources */,
				OBJ_90 /* Frameworks */,
			);
			buildRules = (
			);
			dependencies = (
			);
			name = PartialIso;
			productName = PartialIso;
			productReference = "PrinterParser::PartialIso::Product" /* PartialIso.framework */;
			productType = "com.apple.product-type.framework";
		};
		"PrinterParser::PartialIsoTests" /* PartialIsoTests */ = {
			isa = PBXNativeTarget;
			buildConfigurationList = OBJ_92 /* Build configuration list for PBXNativeTarget "PartialIsoTests" */;
			buildPhases = (
				OBJ_95 /* Sources */,
				OBJ_98 /* Frameworks */,
			);
			buildRules = (
			);
			dependencies = (
				OBJ_100 /* PBXTargetDependency */,
			);
			name = PartialIsoTests;
			productName = PartialIsoTests;
			productReference = "PrinterParser::PartialIsoTests::Product" /* PartialIsoTests.xctest */;
			productType = "com.apple.product-type.bundle.unit-test";
		};
		"PrinterParser::SwiftPMPackageDescription" /* PrinterParserPackageDescription */ = {
			isa = PBXNativeTarget;
			buildConfigurationList = OBJ_102 /* Build configuration list for PBXNativeTarget "PrinterParserPackageDescription" */;
			buildPhases = (
				OBJ_105 /* Sources */,
			);
			buildRules = (
			);
			dependencies = (
			);
			name = PrinterParserPackageDescription;
			productName = PrinterParserPackageDescription;
			productType = "com.apple.product-type.framework";
		};
		"PrinterParser::Syntax" /* Syntax */ = {
			isa = PBXNativeTarget;
			buildConfigurationList = OBJ_117 /* Build configuration list for PBXNativeTarget "Syntax" */;
			buildPhases = (
				OBJ_120 /* Sources */,
				OBJ_122 /* Frameworks */,
			);
			buildRules = (
			);
			dependencies = (
				OBJ_125 /* PBXTargetDependency */,
				OBJ_126 /* PBXTargetDependency */,
			);
			name = Syntax;
			productName = Syntax;
			productReference = "PrinterParser::Syntax::Product" /* Syntax.framework */;
			productType = "com.apple.product-type.framework";
		};
		"PrinterParser::SyntaxTests" /* SyntaxTests */ = {
			isa = PBXNativeTarget;
			buildConfigurationList = OBJ_127 /* Build configuration list for PBXNativeTarget "SyntaxTests" */;
			buildPhases = (
				OBJ_130 /* Sources */,
				OBJ_133 /* Frameworks */,
			);
			buildRules = (
			);
			dependencies = (
				OBJ_137 /* PBXTargetDependency */,
				OBJ_138 /* PBXTargetDependency */,
				OBJ_139 /* PBXTargetDependency */,
			);
			name = SyntaxTests;
			productName = SyntaxTests;
			productReference = "PrinterParser::SyntaxTests::Product" /* SyntaxTests.xctest */;
			productType = "com.apple.product-type.bundle.unit-test";
		};
		"PrinterParser::URLRequestRouter" /* URLRequestRouter */ = {
			isa = PBXNativeTarget;
			buildConfigurationList = OBJ_141 /* Build configuration list for PBXNativeTarget "URLRequestRouter" */;
			buildPhases = (
				OBJ_144 /* Sources */,
				OBJ_146 /* Frameworks */,
			);
			buildRules = (
			);
			dependencies = (
				OBJ_150 /* PBXTargetDependency */,
				OBJ_151 /* PBXTargetDependency */,
				OBJ_152 /* PBXTargetDependency */,
			);
			name = URLRequestRouter;
			productName = URLRequestRouter;
			productReference = "PrinterParser::URLRequestRouter::Product" /* URLRequestRouter.framework */;
			productType = "com.apple.product-type.framework";
		};
		"PrinterParser::URLRequestRouterTests" /* URLRequestRouterTests */ = {
			isa = PBXNativeTarget;
			buildConfigurationList = OBJ_153 /* Build configuration list for PBXNativeTarget "URLRequestRouterTests" */;
			buildPhases = (
				OBJ_156 /* Sources */,
				OBJ_158 /* Frameworks */,
			);
			buildRules = (
			);
			dependencies = (
				OBJ_163 /* PBXTargetDependency */,
				OBJ_164 /* PBXTargetDependency */,
				OBJ_165 /* PBXTargetDependency */,
				OBJ_166 /* PBXTargetDependency */,
			);
			name = URLRequestRouterTests;
			productName = URLRequestRouterTests;
			productReference = "PrinterParser::URLRequestRouterTests::Product" /* URLRequestRouterTests.xctest */;
			productType = "com.apple.product-type.bundle.unit-test";
		};
/* End PBXNativeTarget section */

/* Begin PBXProject section */
		OBJ_1 /* Project object */ = {
			isa = PBXProject;
			attributes = {
				LastUpgradeCheck = 9999;
			};
			buildConfigurationList = OBJ_2 /* Build configuration list for PBXProject "PrinterParser" */;
			compatibilityVersion = "Xcode 3.2";
			developmentRegion = English;
			hasScannedForEncodings = 0;
			knownRegions = (
				en,
			);
			mainGroup = OBJ_5 /*  */;
			productRefGroup = OBJ_47 /* Products */;
			projectDirPath = "";
			projectRoot = "";
			targets = (
				"Monoid::Monoid" /* Monoid */,
				"Monoid::SwiftPMPackageDescription" /* MonoidPackageDescription */,
				"PrinterParser::PartialIso" /* PartialIso */,
				"PrinterParser::PartialIsoTests" /* PartialIsoTests */,
				"PrinterParser::SwiftPMPackageDescription" /* PrinterParserPackageDescription */,
				"PrinterParser::PrinterParserPackageTests::ProductTarget" /* PrinterParserPackageTests */,
				"PrinterParser::Syntax" /* Syntax */,
				"PrinterParser::SyntaxTests" /* SyntaxTests */,
				"PrinterParser::URLRequestRouter" /* URLRequestRouter */,
				"PrinterParser::URLRequestRouterTests" /* URLRequestRouterTests */,
			);
		};
/* End PBXProject section */

/* Begin PBXSourcesBuildPhase section */
		OBJ_105 /* Sources */ = {
			isa = PBXSourcesBuildPhase;
			buildActionMask = 0;
			files = (
				OBJ_106 /* Package.swift in Sources */,
			);
			runOnlyForDeploymentPostprocessing = 0;
		};
		OBJ_120 /* Sources */ = {
			isa = PBXSourcesBuildPhase;
			buildActionMask = 0;
			files = (
				OBJ_121 /* Syntax.swift in Sources */,
			);
			runOnlyForDeploymentPostprocessing = 0;
		};
		OBJ_130 /* Sources */ = {
			isa = PBXSourcesBuildPhase;
			buildActionMask = 0;
			files = (
				OBJ_131 /* SyntaxTests.swift in Sources */,
				OBJ_132 /* XCTestManifests.swift in Sources */,
			);
			runOnlyForDeploymentPostprocessing = 0;
		};
		OBJ_144 /* Sources */ = {
			isa = PBXSourcesBuildPhase;
			buildActionMask = 0;
			files = (
				CAE8571F2210D39600FD5088 /* URLRequestRouter.swift in Sources */,
				OBJ_145 /* RequestData.swift in Sources */,
			);
			runOnlyForDeploymentPostprocessing = 0;
		};
		OBJ_156 /* Sources */ = {
			isa = PBXSourcesBuildPhase;
			buildActionMask = 0;
			files = (
				OBJ_157 /* URLRequestRouterTests.swift in Sources */,
			);
			runOnlyForDeploymentPostprocessing = 0;
		};
		OBJ_59 /* Sources */ = {
			isa = PBXSourcesBuildPhase;
			buildActionMask = 0;
			files = (
				OBJ_60 /* Folds.swift in Sources */,
				OBJ_61 /* Monoid.swift in Sources */,
				OBJ_62 /* Semigroup.swift in Sources */,
				OBJ_63 /* TODO.swift in Sources */,
				OBJ_64 /* Average.swift in Sources */,
				OBJ_65 /* Bool.swift in Sources */,
				OBJ_66 /* Comparable.swift in Sources */,
				OBJ_67 /* Dictionary.swift in Sources */,
				OBJ_68 /* Endo.swift in Sources */,
				OBJ_69 /* Numeric.swift in Sources */,
				OBJ_70 /* Optional.swift in Sources */,
				OBJ_71 /* Pointwise.swift in Sources */,
				OBJ_72 /* RangeReplaceableCollection.swift in Sources */,
				OBJ_73 /* Set.swift in Sources */,
				OBJ_74 /* Tuple.swift in Sources */,
				OBJ_75 /* Variance.swift in Sources */,
				OBJ_76 /* Void.swift in Sources */,
			);
			runOnlyForDeploymentPostprocessing = 0;
		};
		OBJ_82 /* Sources */ = {
			isa = PBXSourcesBuildPhase;
			buildActionMask = 0;
			files = (
				OBJ_83 /* Package.swift in Sources */,
			);
			runOnlyForDeploymentPostprocessing = 0;
		};
		OBJ_88 /* Sources */ = {
			isa = PBXSourcesBuildPhase;
			buildActionMask = 0;
			files = (
				CAE857212210DB9100FD5088 /* ExpressibleByStringLiteral.swift in Sources */,
				OBJ_89 /* PartialIso.swift in Sources */,
			);
			runOnlyForDeploymentPostprocessing = 0;
		};
		OBJ_95 /* Sources */ = {
			isa = PBXSourcesBuildPhase;
			buildActionMask = 0;
			files = (
				OBJ_96 /* XCTestManifests.swift in Sources */,
				OBJ_97 /* swift_parser_printerTests.swift in Sources */,
			);
			runOnlyForDeploymentPostprocessing = 0;
		};
/* End PBXSourcesBuildPhase section */

/* Begin PBXTargetDependency section */
		OBJ_100 /* PBXTargetDependency */ = {
			isa = PBXTargetDependency;
			target = "PrinterParser::PartialIso" /* PartialIso */;
			targetProxy = CAE856002210CEF100FD5088 /* PBXContainerItemProxy */;
		};
		OBJ_111 /* PBXTargetDependency */ = {
			isa = PBXTargetDependency;
			target = "PrinterParser::URLRequestRouterTests" /* URLRequestRouterTests */;
			targetProxy = CAE856052210CEF100FD5088 /* PBXContainerItemProxy */;
		};
		OBJ_113 /* PBXTargetDependency */ = {
			isa = PBXTargetDependency;
			target = "PrinterParser::PartialIsoTests" /* PartialIsoTests */;
			targetProxy = CAE856062210CEF100FD5088 /* PBXContainerItemProxy */;
		};
		OBJ_114 /* PBXTargetDependency */ = {
			isa = PBXTargetDependency;
			target = "PrinterParser::SyntaxTests" /* SyntaxTests */;
			targetProxy = CAE856072210CEF100FD5088 /* PBXContainerItemProxy */;
		};
		OBJ_125 /* PBXTargetDependency */ = {
			isa = PBXTargetDependency;
			target = "Monoid::Monoid" /* Monoid */;
			targetProxy = CAE855F92210CEF100FD5088 /* PBXContainerItemProxy */;
		};
		OBJ_126 /* PBXTargetDependency */ = {
			isa = PBXTargetDependency;
			target = "PrinterParser::PartialIso" /* PartialIso */;
			targetProxy = CAE855FA2210CEF100FD5088 /* PBXContainerItemProxy */;
		};
		OBJ_137 /* PBXTargetDependency */ = {
			isa = PBXTargetDependency;
			target = "PrinterParser::Syntax" /* Syntax */;
			targetProxy = CAE855FD2210CEF100FD5088 /* PBXContainerItemProxy */;
		};
		OBJ_138 /* PBXTargetDependency */ = {
			isa = PBXTargetDependency;
			target = "Monoid::Monoid" /* Monoid */;
			targetProxy = CAE855FE2210CEF100FD5088 /* PBXContainerItemProxy */;
		};
		OBJ_139 /* PBXTargetDependency */ = {
			isa = PBXTargetDependency;
			target = "PrinterParser::PartialIso" /* PartialIso */;
			targetProxy = CAE855FF2210CEF100FD5088 /* PBXContainerItemProxy */;
		};
		OBJ_150 /* PBXTargetDependency */ = {
			isa = PBXTargetDependency;
			target = "PrinterParser::Syntax" /* Syntax */;
			targetProxy = CAE855F82210CEF100FD5088 /* PBXContainerItemProxy */;
		};
		OBJ_151 /* PBXTargetDependency */ = {
			isa = PBXTargetDependency;
			target = "Monoid::Monoid" /* Monoid */;
			targetProxy = CAE855FB2210CEF100FD5088 /* PBXContainerItemProxy */;
		};
		OBJ_152 /* PBXTargetDependency */ = {
			isa = PBXTargetDependency;
			target = "PrinterParser::PartialIso" /* PartialIso */;
			targetProxy = CAE855FC2210CEF100FD5088 /* PBXContainerItemProxy */;
		};
		OBJ_163 /* PBXTargetDependency */ = {
			isa = PBXTargetDependency;
			target = "PrinterParser::URLRequestRouter" /* URLRequestRouter */;
			targetProxy = CAE856012210CEF100FD5088 /* PBXContainerItemProxy */;
		};
		OBJ_164 /* PBXTargetDependency */ = {
			isa = PBXTargetDependency;
			target = "PrinterParser::Syntax" /* Syntax */;
			targetProxy = CAE856022210CEF100FD5088 /* PBXContainerItemProxy */;
		};
		OBJ_165 /* PBXTargetDependency */ = {
			isa = PBXTargetDependency;
			target = "Monoid::Monoid" /* Monoid */;
			targetProxy = CAE856032210CEF100FD5088 /* PBXContainerItemProxy */;
		};
		OBJ_166 /* PBXTargetDependency */ = {
			isa = PBXTargetDependency;
			target = "PrinterParser::PartialIso" /* PartialIso */;
			targetProxy = CAE856042210CEF100FD5088 /* PBXContainerItemProxy */;
		};
/* End PBXTargetDependency section */

/* Begin XCBuildConfiguration section */
		OBJ_103 /* Debug */ = {
			isa = XCBuildConfiguration;
			buildSettings = {
				LD = /usr/bin/true;
				OTHER_SWIFT_FLAGS = "-swift-version 4.2 -I $(TOOLCHAIN_DIR)/usr/lib/swift/pm/4_2 -target x86_64-apple-macosx10.10 -sdk /Applications/Xcode.app/Contents/Developer/Platforms/MacOSX.platform/Developer/SDKs/MacOSX10.14.sdk";
				SWIFT_VERSION = 4.2;
			};
			name = Debug;
		};
		OBJ_104 /* Release */ = {
			isa = XCBuildConfiguration;
			buildSettings = {
				LD = /usr/bin/true;
				OTHER_SWIFT_FLAGS = "-swift-version 4.2 -I $(TOOLCHAIN_DIR)/usr/lib/swift/pm/4_2 -target x86_64-apple-macosx10.10 -sdk /Applications/Xcode.app/Contents/Developer/Platforms/MacOSX.platform/Developer/SDKs/MacOSX10.14.sdk";
				SWIFT_VERSION = 4.2;
			};
			name = Release;
		};
		OBJ_109 /* Debug */ = {
			isa = XCBuildConfiguration;
			buildSettings = {
			};
			name = Debug;
		};
		OBJ_110 /* Release */ = {
			isa = XCBuildConfiguration;
			buildSettings = {
			};
			name = Release;
		};
		OBJ_118 /* Debug */ = {
			isa = XCBuildConfiguration;
			buildSettings = {
				ENABLE_TESTABILITY = YES;
				FRAMEWORK_SEARCH_PATHS = (
					"$(inherited)",
					"$(PLATFORM_DIR)/Developer/Library/Frameworks",
				);
				HEADER_SEARCH_PATHS = "$(inherited)";
				INFOPLIST_FILE = PrinterParser.xcodeproj/Syntax_Info.plist;
				LD_RUNPATH_SEARCH_PATHS = "$(inherited) $(TOOLCHAIN_DIR)/usr/lib/swift/macosx";
				OTHER_CFLAGS = "$(inherited)";
				OTHER_LDFLAGS = "$(inherited)";
				OTHER_SWIFT_FLAGS = "$(inherited)";
				PRODUCT_BUNDLE_IDENTIFIER = Syntax;
				PRODUCT_MODULE_NAME = "$(TARGET_NAME:c99extidentifier)";
				PRODUCT_NAME = "$(TARGET_NAME:c99extidentifier)";
				SKIP_INSTALL = YES;
				SWIFT_ACTIVE_COMPILATION_CONDITIONS = "$(inherited)";
				SWIFT_VERSION = 4.2;
				TARGET_NAME = Syntax;
			};
			name = Debug;
		};
		OBJ_119 /* Release */ = {
			isa = XCBuildConfiguration;
			buildSettings = {
				ENABLE_TESTABILITY = YES;
				FRAMEWORK_SEARCH_PATHS = (
					"$(inherited)",
					"$(PLATFORM_DIR)/Developer/Library/Frameworks",
				);
				HEADER_SEARCH_PATHS = "$(inherited)";
				INFOPLIST_FILE = PrinterParser.xcodeproj/Syntax_Info.plist;
				LD_RUNPATH_SEARCH_PATHS = "$(inherited) $(TOOLCHAIN_DIR)/usr/lib/swift/macosx";
				OTHER_CFLAGS = "$(inherited)";
				OTHER_LDFLAGS = "$(inherited)";
				OTHER_SWIFT_FLAGS = "$(inherited)";
				PRODUCT_BUNDLE_IDENTIFIER = Syntax;
				PRODUCT_MODULE_NAME = "$(TARGET_NAME:c99extidentifier)";
				PRODUCT_NAME = "$(TARGET_NAME:c99extidentifier)";
				SKIP_INSTALL = YES;
				SWIFT_ACTIVE_COMPILATION_CONDITIONS = "$(inherited)";
				SWIFT_VERSION = 4.2;
				TARGET_NAME = Syntax;
			};
			name = Release;
		};
		OBJ_128 /* Debug */ = {
			isa = XCBuildConfiguration;
			buildSettings = {
				CLANG_ENABLE_MODULES = YES;
				EMBEDDED_CONTENT_CONTAINS_SWIFT = YES;
				FRAMEWORK_SEARCH_PATHS = (
					"$(inherited)",
					"$(PLATFORM_DIR)/Developer/Library/Frameworks",
				);
				HEADER_SEARCH_PATHS = "$(inherited)";
				INFOPLIST_FILE = PrinterParser.xcodeproj/SyntaxTests_Info.plist;
				LD_RUNPATH_SEARCH_PATHS = "$(inherited) @loader_path/../Frameworks @loader_path/Frameworks";
				OTHER_CFLAGS = "$(inherited)";
				OTHER_LDFLAGS = "$(inherited)";
				OTHER_SWIFT_FLAGS = "$(inherited)";
				SWIFT_ACTIVE_COMPILATION_CONDITIONS = "$(inherited)";
				SWIFT_VERSION = 4.2;
				TARGET_NAME = SyntaxTests;
			};
			name = Debug;
		};
		OBJ_129 /* Release */ = {
			isa = XCBuildConfiguration;
			buildSettings = {
				CLANG_ENABLE_MODULES = YES;
				EMBEDDED_CONTENT_CONTAINS_SWIFT = YES;
				FRAMEWORK_SEARCH_PATHS = (
					"$(inherited)",
					"$(PLATFORM_DIR)/Developer/Library/Frameworks",
				);
				HEADER_SEARCH_PATHS = "$(inherited)";
				INFOPLIST_FILE = PrinterParser.xcodeproj/SyntaxTests_Info.plist;
				LD_RUNPATH_SEARCH_PATHS = "$(inherited) @loader_path/../Frameworks @loader_path/Frameworks";
				OTHER_CFLAGS = "$(inherited)";
				OTHER_LDFLAGS = "$(inherited)";
				OTHER_SWIFT_FLAGS = "$(inherited)";
				SWIFT_ACTIVE_COMPILATION_CONDITIONS = "$(inherited)";
				SWIFT_VERSION = 4.2;
				TARGET_NAME = SyntaxTests;
			};
			name = Release;
		};
		OBJ_142 /* Debug */ = {
			isa = XCBuildConfiguration;
			buildSettings = {
				ENABLE_TESTABILITY = YES;
				FRAMEWORK_SEARCH_PATHS = (
					"$(inherited)",
					"$(PLATFORM_DIR)/Developer/Library/Frameworks",
				);
				HEADER_SEARCH_PATHS = "$(inherited)";
				INFOPLIST_FILE = PrinterParser.xcodeproj/URLRequestRouter_Info.plist;
				LD_RUNPATH_SEARCH_PATHS = "$(inherited) $(TOOLCHAIN_DIR)/usr/lib/swift/macosx";
				OTHER_CFLAGS = "$(inherited)";
				OTHER_LDFLAGS = "$(inherited)";
				OTHER_SWIFT_FLAGS = "$(inherited)";
				PRODUCT_BUNDLE_IDENTIFIER = URLRequestRouter;
				PRODUCT_MODULE_NAME = "$(TARGET_NAME:c99extidentifier)";
				PRODUCT_NAME = "$(TARGET_NAME:c99extidentifier)";
				SKIP_INSTALL = YES;
				SWIFT_ACTIVE_COMPILATION_CONDITIONS = "$(inherited)";
				SWIFT_VERSION = 4.2;
				TARGET_NAME = URLRequestRouter;
			};
			name = Debug;
		};
		OBJ_143 /* Release */ = {
			isa = XCBuildConfiguration;
			buildSettings = {
				ENABLE_TESTABILITY = YES;
				FRAMEWORK_SEARCH_PATHS = (
					"$(inherited)",
					"$(PLATFORM_DIR)/Developer/Library/Frameworks",
				);
				HEADER_SEARCH_PATHS = "$(inherited)";
				INFOPLIST_FILE = PrinterParser.xcodeproj/URLRequestRouter_Info.plist;
				LD_RUNPATH_SEARCH_PATHS = "$(inherited) $(TOOLCHAIN_DIR)/usr/lib/swift/macosx";
				OTHER_CFLAGS = "$(inherited)";
				OTHER_LDFLAGS = "$(inherited)";
				OTHER_SWIFT_FLAGS = "$(inherited)";
				PRODUCT_BUNDLE_IDENTIFIER = URLRequestRouter;
				PRODUCT_MODULE_NAME = "$(TARGET_NAME:c99extidentifier)";
				PRODUCT_NAME = "$(TARGET_NAME:c99extidentifier)";
				SKIP_INSTALL = YES;
				SWIFT_ACTIVE_COMPILATION_CONDITIONS = "$(inherited)";
				SWIFT_VERSION = 4.2;
				TARGET_NAME = URLRequestRouter;
			};
			name = Release;
		};
		OBJ_154 /* Debug */ = {
			isa = XCBuildConfiguration;
			buildSettings = {
				CLANG_ENABLE_MODULES = YES;
				EMBEDDED_CONTENT_CONTAINS_SWIFT = YES;
				FRAMEWORK_SEARCH_PATHS = (
					"$(inherited)",
					"$(PLATFORM_DIR)/Developer/Library/Frameworks",
				);
				HEADER_SEARCH_PATHS = "$(inherited)";
				INFOPLIST_FILE = PrinterParser.xcodeproj/URLRequestRouterTests_Info.plist;
				LD_RUNPATH_SEARCH_PATHS = "$(inherited) @loader_path/../Frameworks @loader_path/Frameworks";
				OTHER_CFLAGS = "$(inherited)";
				OTHER_LDFLAGS = "$(inherited)";
				OTHER_SWIFT_FLAGS = "$(inherited)";
				SWIFT_ACTIVE_COMPILATION_CONDITIONS = "$(inherited)";
				SWIFT_VERSION = 4.2;
				TARGET_NAME = URLRequestRouterTests;
			};
			name = Debug;
		};
		OBJ_155 /* Release */ = {
			isa = XCBuildConfiguration;
			buildSettings = {
				CLANG_ENABLE_MODULES = YES;
				EMBEDDED_CONTENT_CONTAINS_SWIFT = YES;
				FRAMEWORK_SEARCH_PATHS = (
					"$(inherited)",
					"$(PLATFORM_DIR)/Developer/Library/Frameworks",
				);
				HEADER_SEARCH_PATHS = "$(inherited)";
				INFOPLIST_FILE = PrinterParser.xcodeproj/URLRequestRouterTests_Info.plist;
				LD_RUNPATH_SEARCH_PATHS = "$(inherited) @loader_path/../Frameworks @loader_path/Frameworks";
				OTHER_CFLAGS = "$(inherited)";
				OTHER_LDFLAGS = "$(inherited)";
				OTHER_SWIFT_FLAGS = "$(inherited)";
				SWIFT_ACTIVE_COMPILATION_CONDITIONS = "$(inherited)";
				SWIFT_VERSION = 4.2;
				TARGET_NAME = URLRequestRouterTests;
			};
			name = Release;
		};
		OBJ_3 /* Debug */ = {
			isa = XCBuildConfiguration;
			buildSettings = {
				CLANG_ENABLE_OBJC_ARC = YES;
				COMBINE_HIDPI_IMAGES = YES;
				COPY_PHASE_STRIP = NO;
				DEBUG_INFORMATION_FORMAT = dwarf;
				DYLIB_INSTALL_NAME_BASE = "@rpath";
				ENABLE_NS_ASSERTIONS = YES;
				GCC_OPTIMIZATION_LEVEL = 0;
				GCC_PREPROCESSOR_DEFINITIONS = (
					"DEBUG=1",
					"$(inherited)",
				);
				MACOSX_DEPLOYMENT_TARGET = 10.10;
				ONLY_ACTIVE_ARCH = YES;
				OTHER_SWIFT_FLAGS = "-DXcode";
				PRODUCT_NAME = "$(TARGET_NAME)";
				SDKROOT = macosx;
				SUPPORTED_PLATFORMS = "macosx iphoneos iphonesimulator appletvos appletvsimulator watchos watchsimulator";
				SWIFT_ACTIVE_COMPILATION_CONDITIONS = "SWIFT_PACKAGE DEBUG";
				SWIFT_OPTIMIZATION_LEVEL = "-Onone";
				USE_HEADERMAP = NO;
			};
			name = Debug;
		};
		OBJ_4 /* Release */ = {
			isa = XCBuildConfiguration;
			buildSettings = {
				CLANG_ENABLE_OBJC_ARC = YES;
				COMBINE_HIDPI_IMAGES = YES;
				COPY_PHASE_STRIP = YES;
				DEBUG_INFORMATION_FORMAT = "dwarf-with-dsym";
				DYLIB_INSTALL_NAME_BASE = "@rpath";
				GCC_OPTIMIZATION_LEVEL = s;
				MACOSX_DEPLOYMENT_TARGET = 10.10;
				OTHER_SWIFT_FLAGS = "-DXcode";
				PRODUCT_NAME = "$(TARGET_NAME)";
				SDKROOT = macosx;
				SUPPORTED_PLATFORMS = "macosx iphoneos iphonesimulator appletvos appletvsimulator watchos watchsimulator";
				SWIFT_ACTIVE_COMPILATION_CONDITIONS = SWIFT_PACKAGE;
				SWIFT_OPTIMIZATION_LEVEL = "-Owholemodule";
				USE_HEADERMAP = NO;
			};
			name = Release;
		};
		OBJ_57 /* Debug */ = {
			isa = XCBuildConfiguration;
			buildSettings = {
				ENABLE_TESTABILITY = YES;
				FRAMEWORK_SEARCH_PATHS = (
					"$(inherited)",
					"$(PLATFORM_DIR)/Developer/Library/Frameworks",
				);
				HEADER_SEARCH_PATHS = "$(inherited)";
				INFOPLIST_FILE = PrinterParser.xcodeproj/Monoid_Info.plist;
				LD_RUNPATH_SEARCH_PATHS = "$(inherited) $(TOOLCHAIN_DIR)/usr/lib/swift/macosx";
				OTHER_CFLAGS = "$(inherited)";
				OTHER_LDFLAGS = "$(inherited)";
				OTHER_SWIFT_FLAGS = "$(inherited)";
				PRODUCT_BUNDLE_IDENTIFIER = Monoid;
				PRODUCT_MODULE_NAME = "$(TARGET_NAME:c99extidentifier)";
				PRODUCT_NAME = "$(TARGET_NAME:c99extidentifier)";
				SKIP_INSTALL = YES;
				SWIFT_ACTIVE_COMPILATION_CONDITIONS = "$(inherited)";
				SWIFT_VERSION = 4.2;
				TARGET_NAME = Monoid;
			};
			name = Debug;
		};
		OBJ_58 /* Release */ = {
			isa = XCBuildConfiguration;
			buildSettings = {
				ENABLE_TESTABILITY = YES;
				FRAMEWORK_SEARCH_PATHS = (
					"$(inherited)",
					"$(PLATFORM_DIR)/Developer/Library/Frameworks",
				);
				HEADER_SEARCH_PATHS = "$(inherited)";
				INFOPLIST_FILE = PrinterParser.xcodeproj/Monoid_Info.plist;
				LD_RUNPATH_SEARCH_PATHS = "$(inherited) $(TOOLCHAIN_DIR)/usr/lib/swift/macosx";
				OTHER_CFLAGS = "$(inherited)";
				OTHER_LDFLAGS = "$(inherited)";
				OTHER_SWIFT_FLAGS = "$(inherited)";
				PRODUCT_BUNDLE_IDENTIFIER = Monoid;
				PRODUCT_MODULE_NAME = "$(TARGET_NAME:c99extidentifier)";
				PRODUCT_NAME = "$(TARGET_NAME:c99extidentifier)";
				SKIP_INSTALL = YES;
				SWIFT_ACTIVE_COMPILATION_CONDITIONS = "$(inherited)";
				SWIFT_VERSION = 4.2;
				TARGET_NAME = Monoid;
			};
			name = Release;
		};
		OBJ_80 /* Debug */ = {
			isa = XCBuildConfiguration;
			buildSettings = {
				LD = /usr/bin/true;
				OTHER_SWIFT_FLAGS = "-swift-version 4.2 -I $(TOOLCHAIN_DIR)/usr/lib/swift/pm/4_2 -target x86_64-apple-macosx10.10 -sdk /Applications/Xcode.app/Contents/Developer/Platforms/MacOSX.platform/Developer/SDKs/MacOSX10.14.sdk";
				SWIFT_VERSION = 4.2;
			};
			name = Debug;
		};
		OBJ_81 /* Release */ = {
			isa = XCBuildConfiguration;
			buildSettings = {
				LD = /usr/bin/true;
				OTHER_SWIFT_FLAGS = "-swift-version 4.2 -I $(TOOLCHAIN_DIR)/usr/lib/swift/pm/4_2 -target x86_64-apple-macosx10.10 -sdk /Applications/Xcode.app/Contents/Developer/Platforms/MacOSX.platform/Developer/SDKs/MacOSX10.14.sdk";
				SWIFT_VERSION = 4.2;
			};
			name = Release;
		};
		OBJ_86 /* Debug */ = {
			isa = XCBuildConfiguration;
			buildSettings = {
				ENABLE_TESTABILITY = YES;
				FRAMEWORK_SEARCH_PATHS = (
					"$(inherited)",
					"$(PLATFORM_DIR)/Developer/Library/Frameworks",
				);
				HEADER_SEARCH_PATHS = "$(inherited)";
				INFOPLIST_FILE = PrinterParser.xcodeproj/PartialIso_Info.plist;
				LD_RUNPATH_SEARCH_PATHS = "$(inherited) $(TOOLCHAIN_DIR)/usr/lib/swift/macosx";
				OTHER_CFLAGS = "$(inherited)";
				OTHER_LDFLAGS = "$(inherited)";
				OTHER_SWIFT_FLAGS = "$(inherited)";
				PRODUCT_BUNDLE_IDENTIFIER = PartialIso;
				PRODUCT_MODULE_NAME = "$(TARGET_NAME:c99extidentifier)";
				PRODUCT_NAME = "$(TARGET_NAME:c99extidentifier)";
				SKIP_INSTALL = YES;
				SWIFT_ACTIVE_COMPILATION_CONDITIONS = "$(inherited)";
				SWIFT_VERSION = 4.2;
				TARGET_NAME = PartialIso;
			};
			name = Debug;
		};
		OBJ_87 /* Release */ = {
			isa = XCBuildConfiguration;
			buildSettings = {
				ENABLE_TESTABILITY = YES;
				FRAMEWORK_SEARCH_PATHS = (
					"$(inherited)",
					"$(PLATFORM_DIR)/Developer/Library/Frameworks",
				);
				HEADER_SEARCH_PATHS = "$(inherited)";
				INFOPLIST_FILE = PrinterParser.xcodeproj/PartialIso_Info.plist;
				LD_RUNPATH_SEARCH_PATHS = "$(inherited) $(TOOLCHAIN_DIR)/usr/lib/swift/macosx";
				OTHER_CFLAGS = "$(inherited)";
				OTHER_LDFLAGS = "$(inherited)";
				OTHER_SWIFT_FLAGS = "$(inherited)";
				PRODUCT_BUNDLE_IDENTIFIER = PartialIso;
				PRODUCT_MODULE_NAME = "$(TARGET_NAME:c99extidentifier)";
				PRODUCT_NAME = "$(TARGET_NAME:c99extidentifier)";
				SKIP_INSTALL = YES;
				SWIFT_ACTIVE_COMPILATION_CONDITIONS = "$(inherited)";
				SWIFT_VERSION = 4.2;
				TARGET_NAME = PartialIso;
			};
			name = Release;
		};
		OBJ_93 /* Debug */ = {
			isa = XCBuildConfiguration;
			buildSettings = {
				CLANG_ENABLE_MODULES = YES;
				EMBEDDED_CONTENT_CONTAINS_SWIFT = YES;
				FRAMEWORK_SEARCH_PATHS = (
					"$(inherited)",
					"$(PLATFORM_DIR)/Developer/Library/Frameworks",
				);
				HEADER_SEARCH_PATHS = "$(inherited)";
				INFOPLIST_FILE = PrinterParser.xcodeproj/PartialIsoTests_Info.plist;
				LD_RUNPATH_SEARCH_PATHS = "$(inherited) @loader_path/../Frameworks @loader_path/Frameworks";
				OTHER_CFLAGS = "$(inherited)";
				OTHER_LDFLAGS = "$(inherited)";
				OTHER_SWIFT_FLAGS = "$(inherited)";
				SWIFT_ACTIVE_COMPILATION_CONDITIONS = "$(inherited)";
				SWIFT_VERSION = 4.2;
				TARGET_NAME = PartialIsoTests;
			};
			name = Debug;
		};
		OBJ_94 /* Release */ = {
			isa = XCBuildConfiguration;
			buildSettings = {
				CLANG_ENABLE_MODULES = YES;
				EMBEDDED_CONTENT_CONTAINS_SWIFT = YES;
				FRAMEWORK_SEARCH_PATHS = (
					"$(inherited)",
					"$(PLATFORM_DIR)/Developer/Library/Frameworks",
				);
				HEADER_SEARCH_PATHS = "$(inherited)";
				INFOPLIST_FILE = PrinterParser.xcodeproj/PartialIsoTests_Info.plist;
				LD_RUNPATH_SEARCH_PATHS = "$(inherited) @loader_path/../Frameworks @loader_path/Frameworks";
				OTHER_CFLAGS = "$(inherited)";
				OTHER_LDFLAGS = "$(inherited)";
				OTHER_SWIFT_FLAGS = "$(inherited)";
				SWIFT_ACTIVE_COMPILATION_CONDITIONS = "$(inherited)";
				SWIFT_VERSION = 4.2;
				TARGET_NAME = PartialIsoTests;
			};
			name = Release;
		};
/* End XCBuildConfiguration section */

/* Begin XCConfigurationList section */
		OBJ_102 /* Build configuration list for PBXNativeTarget "PrinterParserPackageDescription" */ = {
			isa = XCConfigurationList;
			buildConfigurations = (
				OBJ_103 /* Debug */,
				OBJ_104 /* Release */,
			);
			defaultConfigurationIsVisible = 0;
			defaultConfigurationName = Release;
		};
		OBJ_108 /* Build configuration list for PBXAggregateTarget "PrinterParserPackageTests" */ = {
			isa = XCConfigurationList;
			buildConfigurations = (
				OBJ_109 /* Debug */,
				OBJ_110 /* Release */,
			);
			defaultConfigurationIsVisible = 0;
			defaultConfigurationName = Release;
		};
		OBJ_117 /* Build configuration list for PBXNativeTarget "Syntax" */ = {
			isa = XCConfigurationList;
			buildConfigurations = (
				OBJ_118 /* Debug */,
				OBJ_119 /* Release */,
			);
			defaultConfigurationIsVisible = 0;
			defaultConfigurationName = Release;
		};
		OBJ_127 /* Build configuration list for PBXNativeTarget "SyntaxTests" */ = {
			isa = XCConfigurationList;
			buildConfigurations = (
				OBJ_128 /* Debug */,
				OBJ_129 /* Release */,
			);
			defaultConfigurationIsVisible = 0;
			defaultConfigurationName = Release;
		};
		OBJ_141 /* Build configuration list for PBXNativeTarget "URLRequestRouter" */ = {
			isa = XCConfigurationList;
			buildConfigurations = (
				OBJ_142 /* Debug */,
				OBJ_143 /* Release */,
			);
			defaultConfigurationIsVisible = 0;
			defaultConfigurationName = Release;
		};
		OBJ_153 /* Build configuration list for PBXNativeTarget "URLRequestRouterTests" */ = {
			isa = XCConfigurationList;
			buildConfigurations = (
				OBJ_154 /* Debug */,
				OBJ_155 /* Release */,
			);
			defaultConfigurationIsVisible = 0;
			defaultConfigurationName = Release;
		};
		OBJ_2 /* Build configuration list for PBXProject "PrinterParser" */ = {
			isa = XCConfigurationList;
			buildConfigurations = (
				OBJ_3 /* Debug */,
				OBJ_4 /* Release */,
			);
			defaultConfigurationIsVisible = 0;
			defaultConfigurationName = Release;
		};
		OBJ_56 /* Build configuration list for PBXNativeTarget "Monoid" */ = {
			isa = XCConfigurationList;
			buildConfigurations = (
				OBJ_57 /* Debug */,
				OBJ_58 /* Release */,
			);
			defaultConfigurationIsVisible = 0;
			defaultConfigurationName = Release;
		};
		OBJ_79 /* Build configuration list for PBXNativeTarget "MonoidPackageDescription" */ = {
			isa = XCConfigurationList;
			buildConfigurations = (
				OBJ_80 /* Debug */,
				OBJ_81 /* Release */,
			);
			defaultConfigurationIsVisible = 0;
			defaultConfigurationName = Release;
		};
		OBJ_85 /* Build configuration list for PBXNativeTarget "PartialIso" */ = {
			isa = XCConfigurationList;
			buildConfigurations = (
				OBJ_86 /* Debug */,
				OBJ_87 /* Release */,
			);
			defaultConfigurationIsVisible = 0;
			defaultConfigurationName = Release;
		};
		OBJ_92 /* Build configuration list for PBXNativeTarget "PartialIsoTests" */ = {
			isa = XCConfigurationList;
			buildConfigurations = (
				OBJ_93 /* Debug */,
				OBJ_94 /* Release */,
			);
			defaultConfigurationIsVisible = 0;
			defaultConfigurationName = Release;
		};
/* End XCConfigurationList section */
	};
	rootObject = OBJ_1 /* Project object */;
}
